{
  "version": 4,
  "terraform_version": "1.4.6",
  "serial": 121,
  "lineage": "bd17c61f-ff92-1978-77cd-4afa65c973bc",
  "outputs": {
    "ami_id": {
      "value": "ami-01e5ff16fd6e8c542",
      "type": "string"
    },
    "cluster_certificate_authority_data": {
      "value": "LS0tLS1CRUdJTiBDRVJUSUZJQ0FURS0tLS0tCk1JSUMvakNDQWVhZ0F3SUJBZ0lCQURBTkJna3Foa2lHOXcwQkFRc0ZBREFWTVJNd0VRWURWUVFERXdwcmRXSmwKY201bGRHVnpNQjRYRFRJek1EWXhOREE1TlRVeU5Wb1hEVE16TURZeE1UQTVOVFV5TlZvd0ZURVRNQkVHQTFVRQpBeE1LYTNWaVpYSnVaWFJsY3pDQ0FTSXdEUVlKS29aSWh2Y05BUUVCQlFBRGdnRVBBRENDQVFvQ2dnRUJBTVFVClJhVVZPdzFEOWVhcjJXNUpCcXVjUE1qUTJwU0hEVk9wNFVQbFNiUXFlandTNFdlLzYxWlp3eEQyVTBvTm40UzUKWG95K3BtRVAvOEgzUEhJRVM1c0ZKcTI1UkNrcnp1dHhwWEtrTkhaUHpvS0RsSjFNaDdHRWZSblBhbFhKWURhTQpKSXUvZW5aQnpzeURMcjdIU01ROTdzUjVQL2hMaFF3d1QrM1l2L3U2dk1LaERxQXd1cU1QdWNBeEY5QzNnc2JTCnRhM3ErNVVuWnV2dHl2bmJOUHV4SnVrWWRiK3BXb3VLVWZDdmNmbHlkTnFrdSsrdWNKSUlRc3pONkE5cTdaV2IKUGE3elVJYzVjNE04TXYvQVBJdnJKNzczUEVDbnk2QVAzekdsbHpPUEhUcy9mckVBNFJXUDI1RGJHYUFrZ3lvMwp5Q3lPVTdnTUZXV3UrbHJNQ1g4Q0F3RUFBYU5aTUZjd0RnWURWUjBQQVFIL0JBUURBZ0trTUE4R0ExVWRFd0VCCi93UUZNQU1CQWY4d0hRWURWUjBPQkJZRUZHV2k5L1JGSVJFSXh6c1JuTkZVaHl4VWhxTWtNQlVHQTFVZEVRUU8KTUF5Q0NtdDFZbVZ5Ym1WMFpYTXdEUVlKS29aSWh2Y05BUUVMQlFBRGdnRUJBS1pZcHc5Q0xCNGxOMVp3bEFqSwpzYXZLRTVaZ0hUKy8vd1NmMEZQN2dUNEo0SG9mRGMweFV5dHpBM1R1RmFudnZPVEVvWHlkU2liYzZuNWRYdkJ3CmkyV0ZMek1zRS8ycHpJZVJXTkQwckk3Mlk2WXJqVy9PQWF2K1A0TjlMeXB0RlBDSWdkK1EyOUcrUVJLN1hvc2kKalNWWE1jeU9KUUNJZkovUzZQcGtidVVjNW4weGsrZ1d6STdLWHJRZTBqOStGbENHWlhGZXlEeklXOTdRcjE2ZApnMkdUQTdRdTFBZFQxUkpieHpaSXF1QmZ6VjhGSGF0VlBMREZadkErdjErdk93SzRmQk9VOEYrYXF1K2FFSkhXCnFjQjRsT0gwdkI1NFhiMDRNZlZiMWRJOE1vbjVNTExsdXM1OTI0M1pDZk9yVE4zUitkb3NuVWhtTFJFRW1iQVMKQXY4PQotLS0tLUVORCBDRVJUSUZJQ0FURS0tLS0tCg==",
      "type": "string"
    },
    "cluster_endpoint": {
      "value": "https://46DC0961D21CD04AA05D4199F3222CBD.gr7.us-east-1.eks.amazonaws.com",
      "type": "string"
    },
    "cluster_name": {
      "value": "bitbucket-eks-cluster-test",
      "type": "string"
    },
    "cluster_security_group_id": {
      "value": "sg-0b62b3059aa518e9f",
      "type": "string"
    },
    "db_subnet_group_name_vpc": {
      "value": "vpc-0e67c8c66c39af7da",
      "type": "string"
    },
    "eks_worker_nodes": {
      "value": [],
      "type": [
        "list",
        "string"
      ]
    },
    "nfs-server-private-ip": {
      "value": "10.0.4.11",
      "type": "string"
    },
    "nfs-server-public-ip": {
      "value": "3.84.58.252",
      "type": "string"
    },
    "oidc_provider_arn": {
      "value": "arn:aws:iam::998516096174:oidc-provider/oidc.eks.us-east-1.amazonaws.com/id/46DC0961D21CD04AA05D4199F3222CBD",
      "type": "string"
    },
    "rds_endpoint": {
      "value": "terraform-2023061408214225180000000c.ckgzwdri9ctj.us-east-1.rds.amazonaws.com:5432",
      "type": "string"
    },
    "rds_engine": {
      "value": "postgres",
      "type": "string"
    },
    "region": {
      "value": "us-east-1",
      "type": "string"
    }
  },
  "resources": [
    {
      "mode": "data",
      "type": "aws_ami",
      "name": "debian11",
      "provider": "provider[\"registry.terraform.io/hashicorp/aws\"]",
      "instances": [
        {
          "schema_version": 0,
          "attributes": {
            "architecture": "x86_64",
            "arn": "arn:aws:ec2:us-east-1::image/ami-01e5ff16fd6e8c542",
            "block_device_mappings": [
              {
                "device_name": "/dev/xvda",
                "ebs": {
                  "delete_on_termination": "true",
                  "encrypted": "false",
                  "iops": "0",
                  "snapshot_id": "snap-0d85c8fa86321d958",
                  "throughput": "0",
                  "volume_size": "8",
                  "volume_type": "gp2"
                },
                "no_device": "",
                "virtual_name": ""
              }
            ],
            "boot_mode": "",
            "creation_date": "2023-05-15T20:11:39.000Z",
            "deprecation_time": "2025-05-15T20:11:39.000Z",
            "description": "Debian 11 (20230515-1381)",
            "ena_support": true,
            "executable_users": null,
            "filter": [
              {
                "name": "name",
                "values": [
                  "debian-11-amd64-20230515-1381"
                ]
              }
            ],
            "hypervisor": "xen",
            "id": "ami-01e5ff16fd6e8c542",
            "image_id": "ami-01e5ff16fd6e8c542",
            "image_location": "amazon/debian-11-amd64-20230515-1381",
            "image_owner_alias": "amazon",
            "image_type": "machine",
            "imds_support": "",
            "include_deprecated": false,
            "kernel_id": "",
            "most_recent": false,
            "name": "debian-11-amd64-20230515-1381",
            "name_regex": null,
            "owner_id": "136693071363",
            "owners": null,
            "platform": "",
            "platform_details": "Linux/UNIX",
            "product_codes": [],
            "public": true,
            "ramdisk_id": "",
            "root_device_name": "/dev/xvda",
            "root_device_type": "ebs",
            "root_snapshot_id": "snap-0d85c8fa86321d958",
            "sriov_net_support": "simple",
            "state": "available",
            "state_reason": {
              "code": "UNSET",
              "message": "UNSET"
            },
            "tags": {},
            "timeouts": null,
            "tpm_support": "",
            "usage_operation": "RunInstances",
            "virtualization_type": "hvm"
          },
          "sensitive_attributes": []
        }
      ]
    },
    {
      "mode": "data",
      "type": "aws_availability_zones",
      "name": "available",
      "provider": "provider[\"registry.terraform.io/hashicorp/aws\"]",
      "instances": [
        {
          "schema_version": 0,
          "attributes": {
            "all_availability_zones": null,
            "exclude_names": null,
            "exclude_zone_ids": null,
            "filter": null,
            "group_names": [
              "us-east-1"
            ],
            "id": "us-east-1",
            "names": [
              "us-east-1a",
              "us-east-1b",
              "us-east-1c",
              "us-east-1d",
              "us-east-1e",
              "us-east-1f"
            ],
            "state": null,
            "timeouts": null,
            "zone_ids": [
              "use1-az2",
              "use1-az4",
              "use1-az6",
              "use1-az1",
              "use1-az3",
              "use1-az5"
            ]
          },
          "sensitive_attributes": []
        }
      ]
    },
    {
      "mode": "data",
      "type": "aws_instances",
      "name": "my_worker_nodes",
      "provider": "provider[\"registry.terraform.io/hashicorp/aws\"]",
      "instances": [
        {
          "schema_version": 0,
          "attributes": {
            "filter": null,
            "id": "us-east-1",
            "ids": [],
            "instance_state_names": [
              "running"
            ],
            "instance_tags": {
              "eks:cluster-name": "bitbucket-eks-cluster-test"
            },
            "ipv6_addresses": [],
            "private_ips": [],
            "public_ips": [],
            "timeouts": null
          },
          "sensitive_attributes": []
        }
      ]
    },
    {
      "mode": "data",
      "type": "aws_subnets",
      "name": "example",
      "provider": "provider[\"registry.terraform.io/hashicorp/aws\"]",
      "instances": [
        {
          "schema_version": 0,
          "attributes": {
            "filter": [
              {
                "name": "vpc-id",
                "values": [
                  "vpc-062b787ae2d5c4740"
                ]
              }
            ],
            "id": "us-east-1",
            "ids": [
              "subnet-0f315ca562f3238ca",
              "subnet-0b3138030ee41181f",
              "subnet-024c6fbfc46823b4f",
              "subnet-07368f3642e5429e2",
              "subnet-0a30aab2c4b901a67",
              "subnet-0a5e4342b302e5aae"
            ],
            "tags": null,
            "timeouts": null
          },
          "sensitive_attributes": []
        }
      ]
    },
    {
      "mode": "managed",
      "type": "aws_db_instance",
      "name": "default",
      "provider": "provider[\"registry.terraform.io/hashicorp/aws\"]",
      "instances": [
        {
          "schema_version": 2,
          "attributes": {
            "address": "terraform-2023061408214225180000000c.ckgzwdri9ctj.us-east-1.rds.amazonaws.com",
            "allocated_storage": 10,
            "allow_major_version_upgrade": null,
            "apply_immediately": false,
            "arn": "arn:aws:rds:us-east-1:998516096174:db:terraform-2023061408214225180000000c",
            "auto_minor_version_upgrade": true,
            "availability_zone": "us-east-1a",
            "backup_retention_period": 0,
            "backup_window": "07:39-08:09",
            "blue_green_update": [],
            "ca_cert_identifier": "rds-ca-2019",
            "character_set_name": "",
            "copy_tags_to_snapshot": false,
            "custom_iam_instance_profile": "",
            "customer_owned_ip_enabled": false,
            "db_name": "bitbucket",
            "db_subnet_group_name": "rds-subnet-group-bitbucket-eks-cluster",
            "delete_automated_backups": true,
            "deletion_protection": false,
            "domain": "",
            "domain_iam_role_name": "",
            "enabled_cloudwatch_logs_exports": [],
            "endpoint": "terraform-2023061408214225180000000c.ckgzwdri9ctj.us-east-1.rds.amazonaws.com:5432",
            "engine": "postgres",
            "engine_version": "14",
            "engine_version_actual": "14.7",
            "final_snapshot_identifier": "bitbucket-db",
            "hosted_zone_id": "Z2R2ITUGPM61AM",
            "iam_database_authentication_enabled": false,
            "id": "db-SCDPVKKE7O545HNB6H7QVCZIRE",
            "identifier": "terraform-2023061408214225180000000c",
            "identifier_prefix": "terraform-",
            "instance_class": "db.t3.micro",
            "iops": 0,
            "kms_key_id": "",
            "latest_restorable_time": "",
            "license_model": "postgresql-license",
            "listener_endpoint": [],
            "maintenance_window": "fri:03:36-fri:04:06",
            "manage_master_user_password": null,
            "master_user_secret": [],
            "master_user_secret_kms_key_id": null,
            "max_allocated_storage": 0,
            "monitoring_interval": 0,
            "monitoring_role_arn": "",
            "multi_az": false,
            "nchar_character_set_name": "",
            "network_type": "IPV4",
            "option_group_name": "default:postgres-14",
            "parameter_group_name": "default.postgres14",
            "password": "foobarbaz",
            "performance_insights_enabled": false,
            "performance_insights_kms_key_id": "",
            "performance_insights_retention_period": 0,
            "port": 5432,
            "publicly_accessible": false,
            "replica_mode": "",
            "replicas": [],
            "replicate_source_db": "",
            "resource_id": "db-SCDPVKKE7O545HNB6H7QVCZIRE",
            "restore_to_point_in_time": [],
            "s3_import": [],
            "skip_final_snapshot": true,
            "snapshot_identifier": null,
            "status": "available",
            "storage_encrypted": false,
            "storage_throughput": 0,
            "storage_type": "gp2",
            "tags": {},
            "tags_all": {},
            "timeouts": null,
            "timezone": "",
            "username": "foo",
            "vpc_security_group_ids": [
              "sg-08c015a308b50102c"
            ]
          },
          "sensitive_attributes": [],
          "private": "eyJlMmJmYjczMC1lY2FhLTExZTYtOGY4OC0zNDM2M2JjN2M0YzAiOnsiY3JlYXRlIjoyNDAwMDAwMDAwMDAwLCJkZWxldGUiOjM2MDAwMDAwMDAwMDAsInVwZGF0ZSI6NDgwMDAwMDAwMDAwMH0sInNjaGVtYV92ZXJzaW9uIjoiMiJ9",
          "dependencies": [
            "aws_db_subnet_group.default",
            "aws_security_group.rds-sg",
            "module.eks.aws_security_group.node"
          ]
        }
      ]
    },
    {
      "mode": "managed",
      "type": "aws_db_subnet_group",
      "name": "default",
      "provider": "provider[\"registry.terraform.io/hashicorp/aws\"]",
      "instances": [
        {
          "schema_version": 0,
          "attributes": {
            "arn": "arn:aws:rds:us-east-1:998516096174:subgrp:rds-subnet-group-bitbucket-eks-cluster",
            "description": "Managed by Terraform",
            "id": "rds-subnet-group-bitbucket-eks-cluster",
            "name": "rds-subnet-group-bitbucket-eks-cluster",
            "name_prefix": "",
            "subnet_ids": [
              "subnet-029779db3569b8e94",
              "subnet-08bdec70e54543ea1"
            ],
            "supported_network_types": [
              "IPV4"
            ],
            "tags": {},
            "tags_all": {},
            "vpc_id": "vpc-0e67c8c66c39af7da"
          },
          "sensitive_attributes": [],
          "private": "bnVsbA=="
        }
      ]
    },
    {
      "mode": "managed",
      "type": "aws_instance",
      "name": "nfs-server",
      "provider": "provider[\"registry.terraform.io/hashicorp/aws\"]",
      "instances": [
        {
          "schema_version": 1,
          "attributes": {
            "ami": "ami-01e5ff16fd6e8c542",
            "arn": "arn:aws:ec2:us-east-1:998516096174:instance/i-024957122ffa07f11",
            "associate_public_ip_address": true,
            "availability_zone": "us-east-1a",
            "capacity_reservation_specification": [
              {
                "capacity_reservation_preference": "open",
                "capacity_reservation_target": []
              }
            ],
            "cpu_core_count": 2,
            "cpu_options": [
              {
                "amd_sev_snp": "",
                "core_count": 2,
                "threads_per_core": 2
              }
            ],
            "cpu_threads_per_core": 2,
            "credit_specification": [
              {
                "cpu_credits": "unlimited"
              }
            ],
            "disable_api_stop": false,
            "disable_api_termination": false,
            "ebs_block_device": [],
            "ebs_optimized": false,
            "enclave_options": [
              {
                "enabled": false
              }
            ],
            "ephemeral_block_device": [],
            "get_password_data": false,
            "hibernation": false,
            "host_id": "",
            "host_resource_group_arn": null,
            "iam_instance_profile": "",
            "id": "i-024957122ffa07f11",
            "instance_initiated_shutdown_behavior": "stop",
            "instance_state": "running",
            "instance_type": "t3.xlarge",
            "ipv6_address_count": 0,
            "ipv6_addresses": [],
            "key_name": "nfs-server-us-east-1",
            "launch_template": [],
            "maintenance_options": [
              {
                "auto_recovery": "default"
              }
            ],
            "metadata_options": [
              {
                "http_endpoint": "enabled",
                "http_put_response_hop_limit": 1,
                "http_tokens": "optional",
                "instance_metadata_tags": "disabled"
              }
            ],
            "monitoring": false,
            "network_interface": [],
            "outpost_arn": "",
            "password_data": "",
            "placement_group": "",
            "placement_partition_number": 0,
            "primary_network_interface_id": "eni-0472c5fdae5172a6f",
            "private_dns": "ip-10-0-4-11.ec2.internal",
            "private_dns_name_options": [
              {
                "enable_resource_name_dns_a_record": false,
                "enable_resource_name_dns_aaaa_record": false,
                "hostname_type": "ip-name"
              }
            ],
            "private_ip": "10.0.4.11",
            "public_dns": "ec2-3-84-58-252.compute-1.amazonaws.com",
            "public_ip": "3.84.58.252",
            "root_block_device": [
              {
                "delete_on_termination": true,
                "device_name": "/dev/xvda",
                "encrypted": false,
                "iops": 150,
                "kms_key_id": "",
                "tags": null,
                "throughput": 0,
                "volume_id": "vol-086bc29f07450e99d",
                "volume_size": 50,
                "volume_type": "gp2"
              }
            ],
            "secondary_private_ips": [],
            "security_groups": [],
            "source_dest_check": true,
            "subnet_id": "subnet-0a30aab2c4b901a67",
            "tags": {
              "name": "nfs-server"
            },
            "tags_all": {
              "name": "nfs-server"
            },
            "tenancy": "default",
            "timeouts": null,
            "user_data": "746ca880ab45dab203eb2ee442acf097859c5278",
            "user_data_base64": null,
            "user_data_replace_on_change": false,
            "volume_tags": null,
            "vpc_security_group_ids": [
              "sg-0800221a2ca9e27a3"
            ]
          },
          "sensitive_attributes": [],
          "private": "eyJlMmJmYjczMC1lY2FhLTExZTYtOGY4OC0zNDM2M2JjN2M0YzAiOnsiY3JlYXRlIjo2MDAwMDAwMDAwMDAsImRlbGV0ZSI6MTIwMDAwMDAwMDAwMCwidXBkYXRlIjo2MDAwMDAwMDAwMDB9LCJzY2hlbWFfdmVyc2lvbiI6IjEifQ==",
          "dependencies": [
            "aws_key_pair.pem",
            "aws_security_group.nfs-sg",
            "data.aws_ami.debian11",
            "data.aws_availability_zones.available",
            "module.eks.aws_security_group.node"
          ]
        }
      ]
    },
    {
      "mode": "managed",
      "type": "aws_key_pair",
      "name": "pem",
      "provider": "provider[\"registry.terraform.io/hashicorp/aws\"]",
      "instances": [
        {
          "schema_version": 1,
          "attributes": {
            "arn": "arn:aws:ec2:us-east-1:998516096174:key-pair/nfs-server-us-east-1",
            "fingerprint": "06:c5:95:3f:35:a7:2a:1e:fb:cb:df:33:26:f1:2b:44",
            "id": "nfs-server-us-east-1",
            "key_name": "nfs-server-us-east-1",
            "key_name_prefix": "",
            "key_pair_id": "key-033c72dc99a2b86ac",
            "key_type": "rsa",
            "public_key": "ssh-rsa AAAAB3NzaC1yc2EAAAADAQABAAACAQDatDte5QcazLdxxyWwAnpWzxnPmikChFPfoCgHYJdYx4arHcigx0kgIjtknkPdnd1WIAeGI0sjzpzPT9vSBOvbWMvSpkSj2S5nET1lRvd2CDk4NF/eacnB+L0uYqGEGokqlO1P9B1e71NMrxPnkI7omyG14MqSsW6uosh7qs/Vr2ehK2+KM6DWBmx5VINpDIcf+Ts+VlhUxzpd4sydBQMbDaAqJs3pxNo73J7xgoCs/nrIQ+0cM1X+rlCAB6Y6/XlRBgO9TxG6uqDXqt8gvDGSTQ+JR86C+dZfgN9o9tbLfU13kHMGPcWztprN1GHX1GlG47LT8orL197FrUjxixdXywqtLc+eklj56sz8LtKc0r5kgPGmMBMgTfKEQsGzkev1GBay3Kr5PtCzP7XCbYZ4cBDjkiRd+aZhajk/jbG33Kxl6O4g2kfyMIYXV1WqcURYkEyCiYUvQAVzFAFcc9uFZyuqGnBxDNgL7GJvmv4TGcqf+wChYPKUcT8+Xpa8UIF3LDnBXJb0k53up3SXeCfQXRiDmk49M1gZZkXq5PzWn1fWxU+vG/BzUfExShVcYwnT0tuejB1g3d4PSVOmKgkc5DlMyvKeQJn31xZIoQ7DxKDHyD3ZlBSPQMs4frcEiIUIOAv2E0rvKIm0lAZD0HcfvTIKnqiI0ZoRM3v0536i2w==",
            "tags": {},
            "tags_all": {}
          },
          "sensitive_attributes": [],
          "private": "eyJzY2hlbWFfdmVyc2lvbiI6IjEifQ==",
          "dependencies": [
            "tls_private_key.pk"
          ]
        }
      ]
    },
    {
      "mode": "managed",
      "type": "aws_security_group",
      "name": "nfs-sg",
      "provider": "provider[\"registry.terraform.io/hashicorp/aws\"]",
      "instances": [
        {
          "schema_version": 1,
          "attributes": {
            "arn": "arn:aws:ec2:us-east-1:998516096174:security-group/sg-0800221a2ca9e27a3",
            "description": "Managed by Terraform",
            "egress": [
              {
                "cidr_blocks": [
                  "0.0.0.0/0"
                ],
                "description": "",
                "from_port": 0,
                "ipv6_cidr_blocks": [],
                "prefix_list_ids": [],
                "protocol": "-1",
                "security_groups": [],
                "self": false,
                "to_port": 0
              }
            ],
            "id": "sg-0800221a2ca9e27a3",
            "ingress": [
              {
                "cidr_blocks": [
                  "0.0.0.0/0"
                ],
                "description": "",
                "from_port": 22,
                "ipv6_cidr_blocks": [],
                "prefix_list_ids": [],
                "protocol": "tcp",
                "security_groups": [],
                "self": false,
                "to_port": 22
              },
              {
                "cidr_blocks": [],
                "description": "",
                "from_port": 0,
                "ipv6_cidr_blocks": [],
                "prefix_list_ids": [],
                "protocol": "-1",
                "security_groups": [
                  "sg-0dd2111a7b24ea6c3"
                ],
                "self": false,
                "to_port": 0
              }
            ],
            "name": "sg1-rds-us-east-1",
            "name_prefix": "",
            "owner_id": "998516096174",
            "revoke_rules_on_delete": false,
            "tags": null,
            "tags_all": {},
            "timeouts": null,
            "vpc_id": "vpc-062b787ae2d5c4740"
          },
          "sensitive_attributes": [],
          "private": "eyJlMmJmYjczMC1lY2FhLTExZTYtOGY4OC0zNDM2M2JjN2M0YzAiOnsiY3JlYXRlIjo2MDAwMDAwMDAwMDAsImRlbGV0ZSI6OTAwMDAwMDAwMDAwfSwic2NoZW1hX3ZlcnNpb24iOiIxIn0=",
          "dependencies": [
            "module.eks.aws_security_group.node"
          ]
        }
      ]
    },
    {
      "mode": "managed",
      "type": "aws_security_group",
      "name": "rds-sg",
      "provider": "provider[\"registry.terraform.io/hashicorp/aws\"]",
      "instances": [
        {
          "schema_version": 1,
          "attributes": {
            "arn": "arn:aws:ec2:us-east-1:998516096174:security-group/sg-096dd5c3e5b17d3ab",
            "description": "Managed by Terraform",
            "egress": [
              {
                "cidr_blocks": [
                  "0.0.0.0/0"
                ],
                "description": "",
                "from_port": 0,
                "ipv6_cidr_blocks": [],
                "prefix_list_ids": [],
                "protocol": "-1",
                "security_groups": [],
                "self": false,
                "to_port": 0
              }
            ],
            "id": "sg-096dd5c3e5b17d3ab",
            "ingress": [
              {
                "cidr_blocks": [],
                "description": "",
                "from_port": 5432,
                "ipv6_cidr_blocks": [],
                "prefix_list_ids": [],
                "protocol": "tcp",
                "security_groups": [
                  "sg-0dd2111a7b24ea6c3"
                ],
                "self": false,
                "to_port": 5432
              }
            ],
            "name": "sg1-rds-bitbucket-us-east-1",
            "name_prefix": "",
            "owner_id": "998516096174",
            "revoke_rules_on_delete": false,
            "tags": null,
            "tags_all": {},
            "timeouts": null,
            "vpc_id": "vpc-062b787ae2d5c4740"
          },
          "sensitive_attributes": [],
          "private": "eyJlMmJmYjczMC1lY2FhLTExZTYtOGY4OC0zNDM2M2JjN2M0YzAiOnsiY3JlYXRlIjo2MDAwMDAwMDAwMDAsImRlbGV0ZSI6OTAwMDAwMDAwMDAwfSwic2NoZW1hX3ZlcnNpb24iOiIxIn0=",
          "dependencies": [
            "module.eks.aws_security_group.node"
          ]
        }
      ]
    },
    {
      "mode": "managed",
      "type": "local_file",
      "name": "local_key_pair",
      "provider": "provider[\"registry.terraform.io/hashicorp/local\"]",
      "instances": [
        {
          "schema_version": 0,
          "attributes": {
            "content": "-----BEGIN RSA PRIVATE KEY-----\nMIIJKAIBAAKCAgEA2rQ7XuUHGsy3ccclsAJ6Vs8Zz5opAoRT36AoB2CXWMeGqx3I\noMdJICI7ZJ5D3Z3dViAHhiNLI86cz0/b0gTr21jL0qZEo9kuZxE9ZUb3dgg5ODRf\n3mnJwfi9LmKhhBqJKpTtT/QdXu9TTK8T55CO6JshteDKkrFurqLIe6rP1a9noStv\nijOg1gZseVSDaQyHH/k7PlZYVMc6XeLMnQUDGw2gKibN6cTaO9ye8YKArP56yEPt\nHDNV/q5QgAemOv15UQYDvU8Rurqg16rfILwxkk0PiUfOgvnWX4DfaPbWy31Nd5Bz\nBj3Fs7aazdRh19RpRuOy0/KKy9fexa1I8YsXV8sKrS3PnpJY+erM/C7SnNK+ZIDx\npjATIE3yhELBs5Hr9RgWstyq+T7Qsz+1wm2GeHAQ45IkXfmmYWo5P42xt9ysZeju\nINpH8jCGF1dVqnFEWJBMgomFL0AFcxQBXHPbhWcrqhpwcQzYC+xib5r+ExnKn/sA\noWDylHE/Pl6WvFCBdyw5wVyW9JOd7qd0l3gn0F0Yg5pOPTNYGWZF6uT81p9X1sVP\nrxvwc1HxMUoVXGMJ09LbnowdYN3eD0lTpioJHOQ5TMrynkCZ99cWSKEOw8Sgx8g9\n2ZQUj0DLOH63BIiFCDgL9hNK7yiJtJQGQ9B3H70yCp6oiNGaETN79Od+otsCAwEA\nAQKCAgBTn+SvtT0RN0PRgodblKb4uHmzEswphTWY5WFI6NsV/Dz3Aw1qxKimW9B/\n+bATdkBipR6bYLVjfKYi8vMni/AvT/WnlyHZ0LpYeJQUPJ10iVJvtj8OCT83JwgX\nS2lc3NSj7owLLVlpqnMceDlRKsoqEN9D7y8mBig/KEkmWDreBxLF4pjkrDcMfypM\n/k69BShJxn+rp1JhIEimC4mXZIo6duxOEcZcY4PardIsoGzZOPjzyF1KkiqIllh7\ni/E4zyDrJTSa1zf9QU0tCc4Fc1A1E7gkEsvY8vTQUbObK/8XkdLkK9x/f3Ev9Vud\n5l5/K14R2BDR0ATYSrOIvGiOy1Nh7nKJLrfX1tapOvT/0EFxTXAO1NVW4D5C+V6D\n1Gs5UFIhLmvJ5DRtxHCMzswmGNdyYB8P/tS9xzzJ5ETI2CjVPD4hmoeVzLnM0XCn\n4yBzuEUEB+dH5b0kYq0nG/glxLFwDewW8dUH/u57BXUmWltTMHXx8ip3ZKB288uI\neyJDNkcAIhbDO5Ia/BwlOOET8HqFYmcZAmcG0AkCRbRIB8TqrRcJc0ZFPD8eyP3+\n3jvkoTIJe6m2/1iNxsFU2b+v6JjNWoQjGI1vJvuEY2O2cwM/obj1aEaRcy+0qV3j\nLU9awl+IIs+Tz0Y1LnQmoEN5WS3IysQDOECVYUwwkZ3nMq6w8QKCAQEA7FLKYq5D\n7d6u6VTkFbnaGLmuuUKovdajBcu5YpxKxKZRBHs9qdpQZtLC291EU6zIK8MsYXNq\n8LZe6aiiBMOOSprpnNyum5GGpyNWDPlRhfig11WbnNCQIEUGEv9pAn0GWiyo7Z81\njuE7bYgSI6Lvs6a8pi4q2HAQYwwzmuRhY1EeQk15nL9msK440N98wSWM9cqA/RZj\nDVpliBz9ux4WbC76vmhuLqysoQoTcyKGynCxQcouq0IJWhEf7YI/C9K6gAAv/GhL\nGV4Cw9daPsSvx15w2OvfMsazGL5KzzFXcN5n2njZK5Y5E7ujwH3qe98K3E7+owRY\nrpHW3UoG0cim4wKCAQEA7Oni4gDfP30PkDk/kdNT5+eNGfiG58IsHDKhc2hbWiek\nVioB1Jxvqq5lRDe8hSmoBEvqmP+GFSkAvpbBA+b8nrD/fjnrE0n2bfDn42lnogJ6\nFKYd6Aa5tSdP7aK7N1nZw6JjgPnfelfDgwJU49JH11yNKL8eXoDn8ZxAr/O2gad7\nGGAtH5T2HfPF2KSajQRO0MIpIhXu5XBKhkRUAaP2yITT3xrmY2hrkwilg7je7Bs0\n/8vPGZxUOOBHF4eLoG/2K9tlWl659jOJH/QPgbTRPSyG/4sWchZWkp331pUSHr95\n+x3o7ZxKZiaTTKa0TnaS4CnfrIgRRADSneKleXhdqQKCAQBOUkHw4oBw3VRq0E+n\nQ6kceK2HiKgUAoaU7SfLnrDI67X+HjoZiNkMut0JsRNsB99vYYfb5DyU+lwKZHEN\n0yHdZ+n0qs7TkC9oRTXHpvl1xSjJNP4VwqmBiF6y/SL4SCdKy3JRDmrZp5vieS5J\n0T5P8/qhuLtKcBl+OhUASKBeIgw9PSAI6wZFl/gMgYT/HkrRSwPk3P6G9maf7bvJ\nv/b+c7N2V3Xs0h2EYaqAhfjWLvMQMsm0yHYA+5vxQzFR4c0djvJYXNhG1/linoSy\nOM1o7cvImKOoWGIS2T5B3MB2D7+rkFGpOGhCOfXTXefQleMrkKKjtFUPxhXH0Tjh\nXfaxAoIBAQC42OwbJk8JvEwuXVyKLPbklDf1sYGgxlGgVqi94QiV2SRRzkjLWJuP\n8q40gcBnrc7YO1t5sLUvQWTBT+KdZtZoAvX1yL7vt9+8fCCRwSYItCIIhmwDI2w2\nOcwVP8kPMN3F1KgKc+u4C04So/kUIHfJQv8ocaYCWlWeoCmgn2kg1EopBLFwWMuH\nJzKRDC1CJcBRBY0OeUqCXhDnndxlw0bDwU+GXfiwS0LT4AU0N0RHuBqsEpsuAll8\nXxFY/Hsm3PSX14DG9+3keOVetxB6RViUgG98Z0tGDMPTdclv9bPDpeZI1ldtPWqX\nNTXsso0wQzfqCwHoHepKwtGSOsqdchqxAoIBAA6t5ezdz8ly+7aqoWcLpT4wkR7X\nNlkSpqFAMdsMBock4QyiicJL6kaLhJey4NzMP36N+tPqJUhh2yjOJfoDzynlD05m\ncqKrsKfY9Xfm9Gs0n7xuINsyTn4IisOB/ATEdMrGQcZy2hXYeOIGoi1k1u/0fAmi\nwVSPK9MvGuVkAsyhlqCNplMd42qdbqjy9t0ydNwp185F1ytZSAqbxBUMwoO0DJAw\nJ29VPaahzlvcPr+G7BVhWuS0adf0fpwl4/x7/znib8JtkOOk0KM5UBJ3iUUoT1VB\nKjrQi67O0qkbWdZQUfU838xTCm7lEMk59UGEdMcMZf+SamHegeORSGaw9HE=\n-----END RSA PRIVATE KEY-----\n",
            "content_base64": null,
            "directory_permission": "0777",
            "file_permission": "0400",
            "filename": "../pem/nfs-server-us-east-1.pem",
            "id": "7d3e88747dcee2bb041b3a7fd2eb86034cc49c76",
            "sensitive_content": null,
            "source": null
          },
          "sensitive_attributes": [
            [
              {
                "type": "get_attr",
                "value": "content"
              }
            ]
          ],
          "private": "bnVsbA==",
          "dependencies": [
            "aws_key_pair.pem",
            "tls_private_key.pk"
          ]
        }
      ]
    },
    {
      "mode": "managed",
      "type": "tls_private_key",
      "name": "pk",
      "provider": "provider[\"registry.terraform.io/hashicorp/tls\"]",
      "instances": [
        {
          "schema_version": 1,
          "attributes": {
            "algorithm": "RSA",
            "ecdsa_curve": "P224",
            "id": "4ffe52c6c10a5e9d05e51ee614f2139f12adf214",
            "private_key_openssh": "-----BEGIN OPENSSH PRIVATE KEY-----\nb3BlbnNzaC1rZXktdjEAAAAABG5vbmUAAAAEbm9uZQAAAAAAAAABAAACFwAAAAdz\nc2gtcnNhAAAAAwEAAQAAAgEA2rQ7XuUHGsy3ccclsAJ6Vs8Zz5opAoRT36AoB2CX\nWMeGqx3IoMdJICI7ZJ5D3Z3dViAHhiNLI86cz0/b0gTr21jL0qZEo9kuZxE9ZUb3\ndgg5ODRf3mnJwfi9LmKhhBqJKpTtT/QdXu9TTK8T55CO6JshteDKkrFurqLIe6rP\n1a9noStvijOg1gZseVSDaQyHH/k7PlZYVMc6XeLMnQUDGw2gKibN6cTaO9ye8YKA\nrP56yEPtHDNV/q5QgAemOv15UQYDvU8Rurqg16rfILwxkk0PiUfOgvnWX4DfaPbW\ny31Nd5BzBj3Fs7aazdRh19RpRuOy0/KKy9fexa1I8YsXV8sKrS3PnpJY+erM/C7S\nnNK+ZIDxpjATIE3yhELBs5Hr9RgWstyq+T7Qsz+1wm2GeHAQ45IkXfmmYWo5P42x\nt9ysZejuINpH8jCGF1dVqnFEWJBMgomFL0AFcxQBXHPbhWcrqhpwcQzYC+xib5r+\nExnKn/sAoWDylHE/Pl6WvFCBdyw5wVyW9JOd7qd0l3gn0F0Yg5pOPTNYGWZF6uT8\n1p9X1sVPrxvwc1HxMUoVXGMJ09LbnowdYN3eD0lTpioJHOQ5TMrynkCZ99cWSKEO\nw8Sgx8g92ZQUj0DLOH63BIiFCDgL9hNK7yiJtJQGQ9B3H70yCp6oiNGaETN79Od+\notsAAAc4jrSnuI60p7gAAAAHc3NoLXJzYQAAAgEA2rQ7XuUHGsy3ccclsAJ6Vs8Z\nz5opAoRT36AoB2CXWMeGqx3IoMdJICI7ZJ5D3Z3dViAHhiNLI86cz0/b0gTr21jL\n0qZEo9kuZxE9ZUb3dgg5ODRf3mnJwfi9LmKhhBqJKpTtT/QdXu9TTK8T55CO6Jsh\nteDKkrFurqLIe6rP1a9noStvijOg1gZseVSDaQyHH/k7PlZYVMc6XeLMnQUDGw2g\nKibN6cTaO9ye8YKArP56yEPtHDNV/q5QgAemOv15UQYDvU8Rurqg16rfILwxkk0P\niUfOgvnWX4DfaPbWy31Nd5BzBj3Fs7aazdRh19RpRuOy0/KKy9fexa1I8YsXV8sK\nrS3PnpJY+erM/C7SnNK+ZIDxpjATIE3yhELBs5Hr9RgWstyq+T7Qsz+1wm2GeHAQ\n45IkXfmmYWo5P42xt9ysZejuINpH8jCGF1dVqnFEWJBMgomFL0AFcxQBXHPbhWcr\nqhpwcQzYC+xib5r+ExnKn/sAoWDylHE/Pl6WvFCBdyw5wVyW9JOd7qd0l3gn0F0Y\ng5pOPTNYGWZF6uT81p9X1sVPrxvwc1HxMUoVXGMJ09LbnowdYN3eD0lTpioJHOQ5\nTMrynkCZ99cWSKEOw8Sgx8g92ZQUj0DLOH63BIiFCDgL9hNK7yiJtJQGQ9B3H70y\nCp6oiNGaETN79Od+otsAAAADAQABAAACAFOf5K+1PRE3Q9GCh1uUpvi4ebMSzCmF\nNZjlYUjo2xX8PPcDDWrEqKZb0H/5sBN2QGKlHptgtWN8piLy8yeL8C9P9aeXIdnQ\nulh4lBQ8nXSJUm+2Pw4JPzcnCBdLaVzc1KPujAstWWmqcxx4OVEqyioQ30PvLyYG\nKD8oSSZYOt4HEsXimOSsNwx/Kkz+Tr0FKEnGf6unUmEgSKYLiZdkijp27E4Rxlxj\ng9qt0iygbNk4+PPIXUqSKoiWWHuL8TjPIOslNJrXN/1BTS0JzgVzUDUTuCQSy9jy\n9NBRs5sr/xeR0uQr3H9/cS/1W53mXn8rXhHYENHQBNhKs4i8aI7LU2Hucokut9fW\n1qk69P/QQXFNcA7U1VbgPkL5XoPUazlQUiEua8nkNG3EcIzOzCYY13JgHw/+1L3H\nPMnkRMjYKNU8PiGah5XMuczRcKfjIHO4RQQH50flvSRirScb+CXEsXAN7Bbx1Qf+\n7nsFdSZaW1MwdfHyKndkoHbzy4h7IkM2RwAiFsM7khr8HCU44RPweoViZxkCZwbQ\nCQJFtEgHxOqtFwlzRkU8Px7I/f7eO+ShMgl7qbb/WI3GwVTZv6/omM1ahCMYjW8m\n+4RjY7ZzAz+huPVoRpFzL7SpXeMtT1rCX4giz5PPRjUudCagQ3lZLcjKxAM4QJVh\nTDCRnecyrrDxAAABAA6t5ezdz8ly+7aqoWcLpT4wkR7XNlkSpqFAMdsMBock4Qyi\nicJL6kaLhJey4NzMP36N+tPqJUhh2yjOJfoDzynlD05mcqKrsKfY9Xfm9Gs0n7xu\nINsyTn4IisOB/ATEdMrGQcZy2hXYeOIGoi1k1u/0fAmiwVSPK9MvGuVkAsyhlqCN\nplMd42qdbqjy9t0ydNwp185F1ytZSAqbxBUMwoO0DJAwJ29VPaahzlvcPr+G7BVh\nWuS0adf0fpwl4/x7/znib8JtkOOk0KM5UBJ3iUUoT1VBKjrQi67O0qkbWdZQUfU8\n38xTCm7lEMk59UGEdMcMZf+SamHegeORSGaw9HEAAAEBAOxSymKuQ+3erulU5BW5\n2hi5rrlCqL3WowXLuWKcSsSmUQR7PanaUGbSwtvdRFOsyCvDLGFzavC2XumoogTD\njkqa6ZzcrpuRhqcjVgz5UYX4oNdVm5zQkCBFBhL/aQJ9BlosqO2fNY7hO22IEiOi\n77OmvKYuKthwEGMMM5rkYWNRHkJNeZy/ZrCuONDffMEljPXKgP0WYw1aZYgc/bse\nFmwu+r5obi6srKEKE3MihspwsUHKLqtCCVoRH+2CPwvSuoAAL/xoSxleAsPXWj7E\nr8decNjr3zLGsxi+Ss8xV3DeZ9p42SuWORO7o8B96nvfCtxO/qMEWK6R1t1KBtHI\npuMAAAEBAOzp4uIA3z99D5A5P5HTU+fnjRn4hufCLBwyoXNoW1onpFYqAdScb6qu\nZUQ3vIUpqARL6pj/hhUpAL6WwQPm/J6w/3456xNJ9m3w5+NpZ6ICehSmHegGubUn\nT+2iuzdZ2cOiY4D533pXw4MCVOPSR9dcjSi/Hl6A5/GcQK/ztoGnexhgLR+U9h3z\nxdikmo0ETtDCKSIV7uVwSoZEVAGj9siE098a5mNoa5MIpYO43uwbNP/LzxmcVDjg\nRxeHi6Bv9ivbZVpeufYziR/0D4G00T0shv+LFnIWVpKd99aVEh6/efsd6O2cSmYm\nk0ymtE52kuAp36yIEUQA0p3ipXl4XakAAAAAAQID\n-----END OPENSSH PRIVATE KEY-----\n",
            "private_key_pem": "-----BEGIN RSA PRIVATE KEY-----\nMIIJKAIBAAKCAgEA2rQ7XuUHGsy3ccclsAJ6Vs8Zz5opAoRT36AoB2CXWMeGqx3I\noMdJICI7ZJ5D3Z3dViAHhiNLI86cz0/b0gTr21jL0qZEo9kuZxE9ZUb3dgg5ODRf\n3mnJwfi9LmKhhBqJKpTtT/QdXu9TTK8T55CO6JshteDKkrFurqLIe6rP1a9noStv\nijOg1gZseVSDaQyHH/k7PlZYVMc6XeLMnQUDGw2gKibN6cTaO9ye8YKArP56yEPt\nHDNV/q5QgAemOv15UQYDvU8Rurqg16rfILwxkk0PiUfOgvnWX4DfaPbWy31Nd5Bz\nBj3Fs7aazdRh19RpRuOy0/KKy9fexa1I8YsXV8sKrS3PnpJY+erM/C7SnNK+ZIDx\npjATIE3yhELBs5Hr9RgWstyq+T7Qsz+1wm2GeHAQ45IkXfmmYWo5P42xt9ysZeju\nINpH8jCGF1dVqnFEWJBMgomFL0AFcxQBXHPbhWcrqhpwcQzYC+xib5r+ExnKn/sA\noWDylHE/Pl6WvFCBdyw5wVyW9JOd7qd0l3gn0F0Yg5pOPTNYGWZF6uT81p9X1sVP\nrxvwc1HxMUoVXGMJ09LbnowdYN3eD0lTpioJHOQ5TMrynkCZ99cWSKEOw8Sgx8g9\n2ZQUj0DLOH63BIiFCDgL9hNK7yiJtJQGQ9B3H70yCp6oiNGaETN79Od+otsCAwEA\nAQKCAgBTn+SvtT0RN0PRgodblKb4uHmzEswphTWY5WFI6NsV/Dz3Aw1qxKimW9B/\n+bATdkBipR6bYLVjfKYi8vMni/AvT/WnlyHZ0LpYeJQUPJ10iVJvtj8OCT83JwgX\nS2lc3NSj7owLLVlpqnMceDlRKsoqEN9D7y8mBig/KEkmWDreBxLF4pjkrDcMfypM\n/k69BShJxn+rp1JhIEimC4mXZIo6duxOEcZcY4PardIsoGzZOPjzyF1KkiqIllh7\ni/E4zyDrJTSa1zf9QU0tCc4Fc1A1E7gkEsvY8vTQUbObK/8XkdLkK9x/f3Ev9Vud\n5l5/K14R2BDR0ATYSrOIvGiOy1Nh7nKJLrfX1tapOvT/0EFxTXAO1NVW4D5C+V6D\n1Gs5UFIhLmvJ5DRtxHCMzswmGNdyYB8P/tS9xzzJ5ETI2CjVPD4hmoeVzLnM0XCn\n4yBzuEUEB+dH5b0kYq0nG/glxLFwDewW8dUH/u57BXUmWltTMHXx8ip3ZKB288uI\neyJDNkcAIhbDO5Ia/BwlOOET8HqFYmcZAmcG0AkCRbRIB8TqrRcJc0ZFPD8eyP3+\n3jvkoTIJe6m2/1iNxsFU2b+v6JjNWoQjGI1vJvuEY2O2cwM/obj1aEaRcy+0qV3j\nLU9awl+IIs+Tz0Y1LnQmoEN5WS3IysQDOECVYUwwkZ3nMq6w8QKCAQEA7FLKYq5D\n7d6u6VTkFbnaGLmuuUKovdajBcu5YpxKxKZRBHs9qdpQZtLC291EU6zIK8MsYXNq\n8LZe6aiiBMOOSprpnNyum5GGpyNWDPlRhfig11WbnNCQIEUGEv9pAn0GWiyo7Z81\njuE7bYgSI6Lvs6a8pi4q2HAQYwwzmuRhY1EeQk15nL9msK440N98wSWM9cqA/RZj\nDVpliBz9ux4WbC76vmhuLqysoQoTcyKGynCxQcouq0IJWhEf7YI/C9K6gAAv/GhL\nGV4Cw9daPsSvx15w2OvfMsazGL5KzzFXcN5n2njZK5Y5E7ujwH3qe98K3E7+owRY\nrpHW3UoG0cim4wKCAQEA7Oni4gDfP30PkDk/kdNT5+eNGfiG58IsHDKhc2hbWiek\nVioB1Jxvqq5lRDe8hSmoBEvqmP+GFSkAvpbBA+b8nrD/fjnrE0n2bfDn42lnogJ6\nFKYd6Aa5tSdP7aK7N1nZw6JjgPnfelfDgwJU49JH11yNKL8eXoDn8ZxAr/O2gad7\nGGAtH5T2HfPF2KSajQRO0MIpIhXu5XBKhkRUAaP2yITT3xrmY2hrkwilg7je7Bs0\n/8vPGZxUOOBHF4eLoG/2K9tlWl659jOJH/QPgbTRPSyG/4sWchZWkp331pUSHr95\n+x3o7ZxKZiaTTKa0TnaS4CnfrIgRRADSneKleXhdqQKCAQBOUkHw4oBw3VRq0E+n\nQ6kceK2HiKgUAoaU7SfLnrDI67X+HjoZiNkMut0JsRNsB99vYYfb5DyU+lwKZHEN\n0yHdZ+n0qs7TkC9oRTXHpvl1xSjJNP4VwqmBiF6y/SL4SCdKy3JRDmrZp5vieS5J\n0T5P8/qhuLtKcBl+OhUASKBeIgw9PSAI6wZFl/gMgYT/HkrRSwPk3P6G9maf7bvJ\nv/b+c7N2V3Xs0h2EYaqAhfjWLvMQMsm0yHYA+5vxQzFR4c0djvJYXNhG1/linoSy\nOM1o7cvImKOoWGIS2T5B3MB2D7+rkFGpOGhCOfXTXefQleMrkKKjtFUPxhXH0Tjh\nXfaxAoIBAQC42OwbJk8JvEwuXVyKLPbklDf1sYGgxlGgVqi94QiV2SRRzkjLWJuP\n8q40gcBnrc7YO1t5sLUvQWTBT+KdZtZoAvX1yL7vt9+8fCCRwSYItCIIhmwDI2w2\nOcwVP8kPMN3F1KgKc+u4C04So/kUIHfJQv8ocaYCWlWeoCmgn2kg1EopBLFwWMuH\nJzKRDC1CJcBRBY0OeUqCXhDnndxlw0bDwU+GXfiwS0LT4AU0N0RHuBqsEpsuAll8\nXxFY/Hsm3PSX14DG9+3keOVetxB6RViUgG98Z0tGDMPTdclv9bPDpeZI1ldtPWqX\nNTXsso0wQzfqCwHoHepKwtGSOsqdchqxAoIBAA6t5ezdz8ly+7aqoWcLpT4wkR7X\nNlkSpqFAMdsMBock4QyiicJL6kaLhJey4NzMP36N+tPqJUhh2yjOJfoDzynlD05m\ncqKrsKfY9Xfm9Gs0n7xuINsyTn4IisOB/ATEdMrGQcZy2hXYeOIGoi1k1u/0fAmi\nwVSPK9MvGuVkAsyhlqCNplMd42qdbqjy9t0ydNwp185F1ytZSAqbxBUMwoO0DJAw\nJ29VPaahzlvcPr+G7BVhWuS0adf0fpwl4/x7/znib8JtkOOk0KM5UBJ3iUUoT1VB\nKjrQi67O0qkbWdZQUfU838xTCm7lEMk59UGEdMcMZf+SamHegeORSGaw9HE=\n-----END RSA PRIVATE KEY-----\n",
            "private_key_pem_pkcs8": "-----BEGIN PRIVATE KEY-----\nMIIJQgIBADANBgkqhkiG9w0BAQEFAASCCSwwggkoAgEAAoICAQDatDte5QcazLdx\nxyWwAnpWzxnPmikChFPfoCgHYJdYx4arHcigx0kgIjtknkPdnd1WIAeGI0sjzpzP\nT9vSBOvbWMvSpkSj2S5nET1lRvd2CDk4NF/eacnB+L0uYqGEGokqlO1P9B1e71NM\nrxPnkI7omyG14MqSsW6uosh7qs/Vr2ehK2+KM6DWBmx5VINpDIcf+Ts+VlhUxzpd\n4sydBQMbDaAqJs3pxNo73J7xgoCs/nrIQ+0cM1X+rlCAB6Y6/XlRBgO9TxG6uqDX\nqt8gvDGSTQ+JR86C+dZfgN9o9tbLfU13kHMGPcWztprN1GHX1GlG47LT8orL197F\nrUjxixdXywqtLc+eklj56sz8LtKc0r5kgPGmMBMgTfKEQsGzkev1GBay3Kr5PtCz\nP7XCbYZ4cBDjkiRd+aZhajk/jbG33Kxl6O4g2kfyMIYXV1WqcURYkEyCiYUvQAVz\nFAFcc9uFZyuqGnBxDNgL7GJvmv4TGcqf+wChYPKUcT8+Xpa8UIF3LDnBXJb0k53u\np3SXeCfQXRiDmk49M1gZZkXq5PzWn1fWxU+vG/BzUfExShVcYwnT0tuejB1g3d4P\nSVOmKgkc5DlMyvKeQJn31xZIoQ7DxKDHyD3ZlBSPQMs4frcEiIUIOAv2E0rvKIm0\nlAZD0HcfvTIKnqiI0ZoRM3v0536i2wIDAQABAoICAFOf5K+1PRE3Q9GCh1uUpvi4\nebMSzCmFNZjlYUjo2xX8PPcDDWrEqKZb0H/5sBN2QGKlHptgtWN8piLy8yeL8C9P\n9aeXIdnQulh4lBQ8nXSJUm+2Pw4JPzcnCBdLaVzc1KPujAstWWmqcxx4OVEqyioQ\n30PvLyYGKD8oSSZYOt4HEsXimOSsNwx/Kkz+Tr0FKEnGf6unUmEgSKYLiZdkijp2\n7E4Rxlxjg9qt0iygbNk4+PPIXUqSKoiWWHuL8TjPIOslNJrXN/1BTS0JzgVzUDUT\nuCQSy9jy9NBRs5sr/xeR0uQr3H9/cS/1W53mXn8rXhHYENHQBNhKs4i8aI7LU2Hu\ncokut9fW1qk69P/QQXFNcA7U1VbgPkL5XoPUazlQUiEua8nkNG3EcIzOzCYY13Jg\nHw/+1L3HPMnkRMjYKNU8PiGah5XMuczRcKfjIHO4RQQH50flvSRirScb+CXEsXAN\n7Bbx1Qf+7nsFdSZaW1MwdfHyKndkoHbzy4h7IkM2RwAiFsM7khr8HCU44RPweoVi\nZxkCZwbQCQJFtEgHxOqtFwlzRkU8Px7I/f7eO+ShMgl7qbb/WI3GwVTZv6/omM1a\nhCMYjW8m+4RjY7ZzAz+huPVoRpFzL7SpXeMtT1rCX4giz5PPRjUudCagQ3lZLcjK\nxAM4QJVhTDCRnecyrrDxAoIBAQDsUspirkPt3q7pVOQVudoYua65Qqi91qMFy7li\nnErEplEEez2p2lBm0sLb3URTrMgrwyxhc2rwtl7pqKIEw45Kmumc3K6bkYanI1YM\n+VGF+KDXVZuc0JAgRQYS/2kCfQZaLKjtnzWO4TttiBIjou+zprymLirYcBBjDDOa\n5GFjUR5CTXmcv2awrjjQ33zBJYz1yoD9FmMNWmWIHP27HhZsLvq+aG4urKyhChNz\nIobKcLFByi6rQglaER/tgj8L0rqAAC/8aEsZXgLD11o+xK/HXnDY698yxrMYvkrP\nMVdw3mfaeNkrljkTu6PAfep73wrcTv6jBFiukdbdSgbRyKbjAoIBAQDs6eLiAN8/\nfQ+QOT+R01Pn540Z+IbnwiwcMqFzaFtaJ6RWKgHUnG+qrmVEN7yFKagES+qY/4YV\nKQC+lsED5vyesP9+OesTSfZt8OfjaWeiAnoUph3oBrm1J0/tors3WdnDomOA+d96\nV8ODAlTj0kfXXI0ovx5egOfxnECv87aBp3sYYC0flPYd88XYpJqNBE7QwikiFe7l\ncEqGRFQBo/bIhNPfGuZjaGuTCKWDuN7sGzT/y88ZnFQ44EcXh4ugb/Yr22VaXrn2\nM4kf9A+BtNE9LIb/ixZyFlaSnffWlRIev3n7HejtnEpmJpNMprROdpLgKd+siBFE\nANKd4qV5eF2pAoIBAE5SQfDigHDdVGrQT6dDqRx4rYeIqBQChpTtJ8uesMjrtf4e\nOhmI2Qy63QmxE2wH329hh9vkPJT6XApkcQ3TId1n6fSqztOQL2hFNcem+XXFKMk0\n/hXCqYGIXrL9IvhIJ0rLclEOatmnm+J5LknRPk/z+qG4u0pwGX46FQBIoF4iDD09\nIAjrBkWX+AyBhP8eStFLA+Tc/ob2Zp/tu8m/9v5zs3ZXdezSHYRhqoCF+NYu8xAy\nybTIdgD7m/FDMVHhzR2O8lhc2EbX+WKehLI4zWjty8iYo6hYYhLZPkHcwHYPv6uQ\nUak4aEI59dNd59CV4yuQoqO0VQ/GFcfROOFd9rECggEBALjY7BsmTwm8TC5dXIos\n9uSUN/WxgaDGUaBWqL3hCJXZJFHOSMtYm4/yrjSBwGetztg7W3mwtS9BZMFP4p1m\n1mgC9fXIvu+337x8IJHBJgi0IgiGbAMjbDY5zBU/yQ8w3cXUqApz67gLThKj+RQg\nd8lC/yhxpgJaVZ6gKaCfaSDUSikEsXBYy4cnMpEMLUIlwFEFjQ55SoJeEOed3GXD\nRsPBT4Zd+LBLQtPgBTQ3REe4GqwSmy4CWXxfEVj8eybc9JfXgMb37eR45V63EHpF\nWJSAb3xnS0YMw9N1yW/1s8Ol5kjWV209apc1NeyyjTBDN+oLAegd6krC0ZI6yp1y\nGrECggEADq3l7N3PyXL7tqqhZwulPjCRHtc2WRKmoUAx2wwGhyThDKKJwkvqRouE\nl7Lg3Mw/fo360+olSGHbKM4l+gPPKeUPTmZyoquwp9j1d+b0azSfvG4g2zJOfgiK\nw4H8BMR0ysZBxnLaFdh44gaiLWTW7/R8CaLBVI8r0y8a5WQCzKGWoI2mUx3jap1u\nqPL23TJ03CnXzkXXK1lICpvEFQzCg7QMkDAnb1U9pqHOW9w+v4bsFWFa5LRp1/R+\nnCXj/Hv/OeJvwm2Q46TQozlQEneJRShPVUEqOtCLrs7SqRtZ1lBR9TzfzFMKbuUQ\nyTn1QYR0xwxl/5JqYd6B45FIZrD0cQ==\n-----END PRIVATE KEY-----\n",
            "public_key_fingerprint_md5": "e5:57:33:3c:01:db:fa:e5:0e:52:61:7b:7c:f0:4b:90",
            "public_key_fingerprint_sha256": "SHA256:pdWj4kX3H6oyQaTqY1zcPGTmiBsQtfwJow9Oj6RWbws",
            "public_key_openssh": "ssh-rsa AAAAB3NzaC1yc2EAAAADAQABAAACAQDatDte5QcazLdxxyWwAnpWzxnPmikChFPfoCgHYJdYx4arHcigx0kgIjtknkPdnd1WIAeGI0sjzpzPT9vSBOvbWMvSpkSj2S5nET1lRvd2CDk4NF/eacnB+L0uYqGEGokqlO1P9B1e71NMrxPnkI7omyG14MqSsW6uosh7qs/Vr2ehK2+KM6DWBmx5VINpDIcf+Ts+VlhUxzpd4sydBQMbDaAqJs3pxNo73J7xgoCs/nrIQ+0cM1X+rlCAB6Y6/XlRBgO9TxG6uqDXqt8gvDGSTQ+JR86C+dZfgN9o9tbLfU13kHMGPcWztprN1GHX1GlG47LT8orL197FrUjxixdXywqtLc+eklj56sz8LtKc0r5kgPGmMBMgTfKEQsGzkev1GBay3Kr5PtCzP7XCbYZ4cBDjkiRd+aZhajk/jbG33Kxl6O4g2kfyMIYXV1WqcURYkEyCiYUvQAVzFAFcc9uFZyuqGnBxDNgL7GJvmv4TGcqf+wChYPKUcT8+Xpa8UIF3LDnBXJb0k53up3SXeCfQXRiDmk49M1gZZkXq5PzWn1fWxU+vG/BzUfExShVcYwnT0tuejB1g3d4PSVOmKgkc5DlMyvKeQJn31xZIoQ7DxKDHyD3ZlBSPQMs4frcEiIUIOAv2E0rvKIm0lAZD0HcfvTIKnqiI0ZoRM3v0536i2w==\n",
            "public_key_pem": "-----BEGIN PUBLIC KEY-----\nMIICIjANBgkqhkiG9w0BAQEFAAOCAg8AMIICCgKCAgEA2rQ7XuUHGsy3ccclsAJ6\nVs8Zz5opAoRT36AoB2CXWMeGqx3IoMdJICI7ZJ5D3Z3dViAHhiNLI86cz0/b0gTr\n21jL0qZEo9kuZxE9ZUb3dgg5ODRf3mnJwfi9LmKhhBqJKpTtT/QdXu9TTK8T55CO\n6JshteDKkrFurqLIe6rP1a9noStvijOg1gZseVSDaQyHH/k7PlZYVMc6XeLMnQUD\nGw2gKibN6cTaO9ye8YKArP56yEPtHDNV/q5QgAemOv15UQYDvU8Rurqg16rfILwx\nkk0PiUfOgvnWX4DfaPbWy31Nd5BzBj3Fs7aazdRh19RpRuOy0/KKy9fexa1I8YsX\nV8sKrS3PnpJY+erM/C7SnNK+ZIDxpjATIE3yhELBs5Hr9RgWstyq+T7Qsz+1wm2G\neHAQ45IkXfmmYWo5P42xt9ysZejuINpH8jCGF1dVqnFEWJBMgomFL0AFcxQBXHPb\nhWcrqhpwcQzYC+xib5r+ExnKn/sAoWDylHE/Pl6WvFCBdyw5wVyW9JOd7qd0l3gn\n0F0Yg5pOPTNYGWZF6uT81p9X1sVPrxvwc1HxMUoVXGMJ09LbnowdYN3eD0lTpioJ\nHOQ5TMrynkCZ99cWSKEOw8Sgx8g92ZQUj0DLOH63BIiFCDgL9hNK7yiJtJQGQ9B3\nH70yCp6oiNGaETN79Od+otsCAwEAAQ==\n-----END PUBLIC KEY-----\n",
            "rsa_bits": 4096
          },
          "sensitive_attributes": []
        }
      ]
    },
    {
      "module": "module.ebs_csi_irsa_role",
      "mode": "data",
      "type": "aws_caller_identity",
      "name": "current",
      "provider": "provider[\"registry.terraform.io/hashicorp/aws\"]",
      "instances": [
        {
          "schema_version": 0,
          "attributes": {
            "account_id": "998516096174",
            "arn": "arn:aws:iam::998516096174:user/svc-terraform",
            "id": "998516096174",
            "user_id": "AIDA6Q7BSPSXNVRO46LMO"
          },
          "sensitive_attributes": []
        }
      ]
    },
    {
      "module": "module.ebs_csi_irsa_role",
      "mode": "data",
      "type": "aws_iam_policy_document",
      "name": "ebs_csi",
      "provider": "provider[\"registry.terraform.io/hashicorp/aws\"]",
      "instances": [
        {
          "index_key": 0,
          "schema_version": 0,
          "attributes": {
            "id": "932695789",
            "json": "{\n  \"Version\": \"2012-10-17\",\n  \"Statement\": [\n    {\n      \"Effect\": \"Allow\",\n      \"Action\": [\n        \"ec2:ModifyVolume\",\n        \"ec2:DetachVolume\",\n        \"ec2:DescribeVolumesModifications\",\n        \"ec2:DescribeVolumes\",\n        \"ec2:DescribeTags\",\n        \"ec2:DescribeSnapshots\",\n        \"ec2:DescribeInstances\",\n        \"ec2:DescribeAvailabilityZones\",\n        \"ec2:CreateSnapshot\",\n        \"ec2:AttachVolume\"\n      ],\n      \"Resource\": \"*\"\n    },\n    {\n      \"Effect\": \"Allow\",\n      \"Action\": \"ec2:CreateTags\",\n      \"Resource\": [\n        \"arn:aws:ec2:*:*:volume/*\",\n        \"arn:aws:ec2:*:*:snapshot/*\"\n      ],\n      \"Condition\": {\n        \"StringEquals\": {\n          \"ec2:CreateAction\": [\n            \"CreateVolume\",\n            \"CreateSnapshot\"\n          ]\n        }\n      }\n    },\n    {\n      \"Effect\": \"Allow\",\n      \"Action\": \"ec2:DeleteTags\",\n      \"Resource\": [\n        \"arn:aws:ec2:*:*:volume/*\",\n        \"arn:aws:ec2:*:*:snapshot/*\"\n      ]\n    },\n    {\n      \"Effect\": \"Allow\",\n      \"Action\": \"ec2:CreateVolume\",\n      \"Resource\": \"*\",\n      \"Condition\": {\n        \"StringLike\": {\n          \"aws:RequestTag/ebs.csi.aws.com/cluster\": \"true\"\n        }\n      }\n    },\n    {\n      \"Effect\": \"Allow\",\n      \"Action\": \"ec2:CreateVolume\",\n      \"Resource\": \"*\",\n      \"Condition\": {\n        \"StringLike\": {\n          \"aws:RequestTag/CSIVolumeName\": \"*\"\n        }\n      }\n    },\n    {\n      \"Effect\": \"Allow\",\n      \"Action\": \"ec2:CreateVolume\",\n      \"Resource\": \"*\",\n      \"Condition\": {\n        \"StringLike\": {\n          \"aws:RequestTag/kubernetes.io/cluster/*\": \"owned\"\n        }\n      }\n    },\n    {\n      \"Effect\": \"Allow\",\n      \"Action\": \"ec2:DeleteVolume\",\n      \"Resource\": \"*\",\n      \"Condition\": {\n        \"StringLike\": {\n          \"ec2:ResourceTag/ebs.csi.aws.com/cluster\": \"true\"\n        }\n      }\n    },\n    {\n      \"Effect\": \"Allow\",\n      \"Action\": \"ec2:DeleteVolume\",\n      \"Resource\": \"*\",\n      \"Condition\": {\n        \"StringLike\": {\n          \"ec2:ResourceTag/CSIVolumeName\": \"*\"\n        }\n      }\n    },\n    {\n      \"Effect\": \"Allow\",\n      \"Action\": \"ec2:DeleteVolume\",\n      \"Resource\": \"*\",\n      \"Condition\": {\n        \"StringLike\": {\n          \"ec2:ResourceTag/kubernetes.io/cluster/*\": \"owned\"\n        }\n      }\n    },\n    {\n      \"Effect\": \"Allow\",\n      \"Action\": \"ec2:DeleteVolume\",\n      \"Resource\": \"*\",\n      \"Condition\": {\n        \"StringLike\": {\n          \"ec2:ResourceTag/kubernetes.io/created-for/pvc/name\": \"*\"\n        }\n      }\n    },\n    {\n      \"Effect\": \"Allow\",\n      \"Action\": \"ec2:DeleteSnapshot\",\n      \"Resource\": \"*\",\n      \"Condition\": {\n        \"StringLike\": {\n          \"ec2:ResourceTag/CSIVolumeSnapshotName\": \"*\"\n        }\n      }\n    },\n    {\n      \"Effect\": \"Allow\",\n      \"Action\": \"ec2:DeleteSnapshot\",\n      \"Resource\": \"*\",\n      \"Condition\": {\n        \"StringLike\": {\n          \"ec2:ResourceTag/ebs.csi.aws.com/cluster\": \"true\"\n        }\n      }\n    }\n  ]\n}",
            "override_policy_documents": null,
            "policy_id": null,
            "source_policy_documents": null,
            "statement": [
              {
                "actions": [
                  "ec2:AttachVolume",
                  "ec2:CreateSnapshot",
                  "ec2:DescribeAvailabilityZones",
                  "ec2:DescribeInstances",
                  "ec2:DescribeSnapshots",
                  "ec2:DescribeTags",
                  "ec2:DescribeVolumes",
                  "ec2:DescribeVolumesModifications",
                  "ec2:DetachVolume",
                  "ec2:ModifyVolume"
                ],
                "condition": [],
                "effect": "Allow",
                "not_actions": [],
                "not_principals": [],
                "not_resources": [],
                "principals": [],
                "resources": [
                  "*"
                ],
                "sid": ""
              },
              {
                "actions": [
                  "ec2:CreateTags"
                ],
                "condition": [
                  {
                    "test": "StringEquals",
                    "values": [
                      "CreateVolume",
                      "CreateSnapshot"
                    ],
                    "variable": "ec2:CreateAction"
                  }
                ],
                "effect": "Allow",
                "not_actions": [],
                "not_principals": [],
                "not_resources": [],
                "principals": [],
                "resources": [
                  "arn:aws:ec2:*:*:snapshot/*",
                  "arn:aws:ec2:*:*:volume/*"
                ],
                "sid": ""
              },
              {
                "actions": [
                  "ec2:DeleteTags"
                ],
                "condition": [],
                "effect": "Allow",
                "not_actions": [],
                "not_principals": [],
                "not_resources": [],
                "principals": [],
                "resources": [
                  "arn:aws:ec2:*:*:snapshot/*",
                  "arn:aws:ec2:*:*:volume/*"
                ],
                "sid": ""
              },
              {
                "actions": [
                  "ec2:CreateVolume"
                ],
                "condition": [
                  {
                    "test": "StringLike",
                    "values": [
                      "true"
                    ],
                    "variable": "aws:RequestTag/ebs.csi.aws.com/cluster"
                  }
                ],
                "effect": "Allow",
                "not_actions": [],
                "not_principals": [],
                "not_resources": [],
                "principals": [],
                "resources": [
                  "*"
                ],
                "sid": ""
              },
              {
                "actions": [
                  "ec2:CreateVolume"
                ],
                "condition": [
                  {
                    "test": "StringLike",
                    "values": [
                      "*"
                    ],
                    "variable": "aws:RequestTag/CSIVolumeName"
                  }
                ],
                "effect": "Allow",
                "not_actions": [],
                "not_principals": [],
                "not_resources": [],
                "principals": [],
                "resources": [
                  "*"
                ],
                "sid": ""
              },
              {
                "actions": [
                  "ec2:CreateVolume"
                ],
                "condition": [
                  {
                    "test": "StringLike",
                    "values": [
                      "owned"
                    ],
                    "variable": "aws:RequestTag/kubernetes.io/cluster/*"
                  }
                ],
                "effect": "Allow",
                "not_actions": [],
                "not_principals": [],
                "not_resources": [],
                "principals": [],
                "resources": [
                  "*"
                ],
                "sid": ""
              },
              {
                "actions": [
                  "ec2:DeleteVolume"
                ],
                "condition": [
                  {
                    "test": "StringLike",
                    "values": [
                      "true"
                    ],
                    "variable": "ec2:ResourceTag/ebs.csi.aws.com/cluster"
                  }
                ],
                "effect": "Allow",
                "not_actions": [],
                "not_principals": [],
                "not_resources": [],
                "principals": [],
                "resources": [
                  "*"
                ],
                "sid": ""
              },
              {
                "actions": [
                  "ec2:DeleteVolume"
                ],
                "condition": [
                  {
                    "test": "StringLike",
                    "values": [
                      "*"
                    ],
                    "variable": "ec2:ResourceTag/CSIVolumeName"
                  }
                ],
                "effect": "Allow",
                "not_actions": [],
                "not_principals": [],
                "not_resources": [],
                "principals": [],
                "resources": [
                  "*"
                ],
                "sid": ""
              },
              {
                "actions": [
                  "ec2:DeleteVolume"
                ],
                "condition": [
                  {
                    "test": "StringLike",
                    "values": [
                      "owned"
                    ],
                    "variable": "ec2:ResourceTag/kubernetes.io/cluster/*"
                  }
                ],
                "effect": "Allow",
                "not_actions": [],
                "not_principals": [],
                "not_resources": [],
                "principals": [],
                "resources": [
                  "*"
                ],
                "sid": ""
              },
              {
                "actions": [
                  "ec2:DeleteVolume"
                ],
                "condition": [
                  {
                    "test": "StringLike",
                    "values": [
                      "*"
                    ],
                    "variable": "ec2:ResourceTag/kubernetes.io/created-for/pvc/name"
                  }
                ],
                "effect": "Allow",
                "not_actions": [],
                "not_principals": [],
                "not_resources": [],
                "principals": [],
                "resources": [
                  "*"
                ],
                "sid": ""
              },
              {
                "actions": [
                  "ec2:DeleteSnapshot"
                ],
                "condition": [
                  {
                    "test": "StringLike",
                    "values": [
                      "*"
                    ],
                    "variable": "ec2:ResourceTag/CSIVolumeSnapshotName"
                  }
                ],
                "effect": "Allow",
                "not_actions": [],
                "not_principals": [],
                "not_resources": [],
                "principals": [],
                "resources": [
                  "*"
                ],
                "sid": ""
              },
              {
                "actions": [
                  "ec2:DeleteSnapshot"
                ],
                "condition": [
                  {
                    "test": "StringLike",
                    "values": [
                      "true"
                    ],
                    "variable": "ec2:ResourceTag/ebs.csi.aws.com/cluster"
                  }
                ],
                "effect": "Allow",
                "not_actions": [],
                "not_principals": [],
                "not_resources": [],
                "principals": [],
                "resources": [
                  "*"
                ],
                "sid": ""
              }
            ],
            "version": "2012-10-17"
          },
          "sensitive_attributes": []
        }
      ]
    },
    {
      "module": "module.ebs_csi_irsa_role",
      "mode": "data",
      "type": "aws_iam_policy_document",
      "name": "this",
      "provider": "provider[\"registry.terraform.io/hashicorp/aws\"]",
      "instances": [
        {
          "index_key": 0,
          "schema_version": 0,
          "attributes": {
            "id": "1031194779",
            "json": "{\n  \"Version\": \"2012-10-17\",\n  \"Statement\": [\n    {\n      \"Effect\": \"Allow\",\n      \"Action\": \"sts:AssumeRoleWithWebIdentity\",\n      \"Principal\": {\n        \"Federated\": \"arn:aws:iam::998516096174:oidc-provider/oidc.eks.us-east-1.amazonaws.com/id/46DC0961D21CD04AA05D4199F3222CBD\"\n      },\n      \"Condition\": {\n        \"StringEquals\": {\n          \"oidc.eks.us-east-1.amazonaws.com/id/46DC0961D21CD04AA05D4199F3222CBD:aud\": \"sts.amazonaws.com\",\n          \"oidc.eks.us-east-1.amazonaws.com/id/46DC0961D21CD04AA05D4199F3222CBD:sub\": \"system:serviceaccount:kube-system:ebs-csi-controller-sa\"\n        }\n      }\n    }\n  ]\n}",
            "override_policy_documents": null,
            "policy_id": null,
            "source_policy_documents": null,
            "statement": [
              {
                "actions": [
                  "sts:AssumeRoleWithWebIdentity"
                ],
                "condition": [
                  {
                    "test": "StringEquals",
                    "values": [
                      "sts.amazonaws.com"
                    ],
                    "variable": "oidc.eks.us-east-1.amazonaws.com/id/46DC0961D21CD04AA05D4199F3222CBD:aud"
                  },
                  {
                    "test": "StringEquals",
                    "values": [
                      "system:serviceaccount:kube-system:ebs-csi-controller-sa"
                    ],
                    "variable": "oidc.eks.us-east-1.amazonaws.com/id/46DC0961D21CD04AA05D4199F3222CBD:sub"
                  }
                ],
                "effect": "Allow",
                "not_actions": [],
                "not_principals": [],
                "not_resources": [],
                "principals": [
                  {
                    "identifiers": [
                      "arn:aws:iam::998516096174:oidc-provider/oidc.eks.us-east-1.amazonaws.com/id/46DC0961D21CD04AA05D4199F3222CBD"
                    ],
                    "type": "Federated"
                  }
                ],
                "resources": [],
                "sid": ""
              }
            ],
            "version": "2012-10-17"
          },
          "sensitive_attributes": []
        }
      ]
    },
    {
      "module": "module.ebs_csi_irsa_role",
      "mode": "data",
      "type": "aws_partition",
      "name": "current",
      "provider": "provider[\"registry.terraform.io/hashicorp/aws\"]",
      "instances": [
        {
          "schema_version": 0,
          "attributes": {
            "dns_suffix": "amazonaws.com",
            "id": "aws",
            "partition": "aws",
            "reverse_dns_prefix": "com.amazonaws"
          },
          "sensitive_attributes": []
        }
      ]
    },
    {
      "module": "module.ebs_csi_irsa_role",
      "mode": "data",
      "type": "aws_region",
      "name": "current",
      "provider": "provider[\"registry.terraform.io/hashicorp/aws\"]",
      "instances": [
        {
          "schema_version": 0,
          "attributes": {
            "description": "US East (N. Virginia)",
            "endpoint": "ec2.us-east-1.amazonaws.com",
            "id": "us-east-1",
            "name": "us-east-1"
          },
          "sensitive_attributes": []
        }
      ]
    },
    {
      "module": "module.ebs_csi_irsa_role",
      "mode": "managed",
      "type": "aws_iam_policy",
      "name": "ebs_csi",
      "provider": "provider[\"registry.terraform.io/hashicorp/aws\"]",
      "instances": [
        {
          "index_key": 0,
          "schema_version": 0,
          "attributes": {
            "arn": "arn:aws:iam::998516096174:policy/AmazonEKS_EBS_CSI_Policy-20230614082133107600000004",
            "description": "Provides permissions to manage EBS volumes via the container storage interface driver",
            "id": "arn:aws:iam::998516096174:policy/AmazonEKS_EBS_CSI_Policy-20230614082133107600000004",
            "name": "AmazonEKS_EBS_CSI_Policy-20230614082133107600000004",
            "name_prefix": "AmazonEKS_EBS_CSI_Policy-",
            "path": "/",
            "policy": "{\"Statement\":[{\"Action\":[\"ec2:ModifyVolume\",\"ec2:DetachVolume\",\"ec2:DescribeVolumesModifications\",\"ec2:DescribeVolumes\",\"ec2:DescribeTags\",\"ec2:DescribeSnapshots\",\"ec2:DescribeInstances\",\"ec2:DescribeAvailabilityZones\",\"ec2:CreateSnapshot\",\"ec2:AttachVolume\"],\"Effect\":\"Allow\",\"Resource\":\"*\"},{\"Action\":\"ec2:CreateTags\",\"Condition\":{\"StringEquals\":{\"ec2:CreateAction\":[\"CreateVolume\",\"CreateSnapshot\"]}},\"Effect\":\"Allow\",\"Resource\":[\"arn:aws:ec2:*:*:volume/*\",\"arn:aws:ec2:*:*:snapshot/*\"]},{\"Action\":\"ec2:DeleteTags\",\"Effect\":\"Allow\",\"Resource\":[\"arn:aws:ec2:*:*:volume/*\",\"arn:aws:ec2:*:*:snapshot/*\"]},{\"Action\":\"ec2:CreateVolume\",\"Condition\":{\"StringLike\":{\"aws:RequestTag/ebs.csi.aws.com/cluster\":\"true\"}},\"Effect\":\"Allow\",\"Resource\":\"*\"},{\"Action\":\"ec2:CreateVolume\",\"Condition\":{\"StringLike\":{\"aws:RequestTag/CSIVolumeName\":\"*\"}},\"Effect\":\"Allow\",\"Resource\":\"*\"},{\"Action\":\"ec2:CreateVolume\",\"Condition\":{\"StringLike\":{\"aws:RequestTag/kubernetes.io/cluster/*\":\"owned\"}},\"Effect\":\"Allow\",\"Resource\":\"*\"},{\"Action\":\"ec2:DeleteVolume\",\"Condition\":{\"StringLike\":{\"ec2:ResourceTag/ebs.csi.aws.com/cluster\":\"true\"}},\"Effect\":\"Allow\",\"Resource\":\"*\"},{\"Action\":\"ec2:DeleteVolume\",\"Condition\":{\"StringLike\":{\"ec2:ResourceTag/CSIVolumeName\":\"*\"}},\"Effect\":\"Allow\",\"Resource\":\"*\"},{\"Action\":\"ec2:DeleteVolume\",\"Condition\":{\"StringLike\":{\"ec2:ResourceTag/kubernetes.io/cluster/*\":\"owned\"}},\"Effect\":\"Allow\",\"Resource\":\"*\"},{\"Action\":\"ec2:DeleteVolume\",\"Condition\":{\"StringLike\":{\"ec2:ResourceTag/kubernetes.io/created-for/pvc/name\":\"*\"}},\"Effect\":\"Allow\",\"Resource\":\"*\"},{\"Action\":\"ec2:DeleteSnapshot\",\"Condition\":{\"StringLike\":{\"ec2:ResourceTag/CSIVolumeSnapshotName\":\"*\"}},\"Effect\":\"Allow\",\"Resource\":\"*\"},{\"Action\":\"ec2:DeleteSnapshot\",\"Condition\":{\"StringLike\":{\"ec2:ResourceTag/ebs.csi.aws.com/cluster\":\"true\"}},\"Effect\":\"Allow\",\"Resource\":\"*\"}],\"Version\":\"2012-10-17\"}",
            "policy_id": "ANPA6Q7BSPSXCPZFK5NI6",
            "tags": {},
            "tags_all": {}
          },
          "sensitive_attributes": [],
          "private": "bnVsbA==",
          "dependencies": [
            "module.ebs_csi_irsa_role.data.aws_iam_policy_document.ebs_csi",
            "module.ebs_csi_irsa_role.data.aws_partition.current"
          ]
        }
      ]
    },
    {
      "module": "module.ebs_csi_irsa_role",
      "mode": "managed",
      "type": "aws_iam_role",
      "name": "this",
      "provider": "provider[\"registry.terraform.io/hashicorp/aws\"]",
      "instances": [
        {
          "index_key": 0,
          "schema_version": 0,
          "attributes": {
            "arn": "arn:aws:iam::998516096174:role/ebs-csi-bitbucket-eks-cluster-test-role",
            "assume_role_policy": "{\"Statement\":[{\"Action\":\"sts:AssumeRoleWithWebIdentity\",\"Condition\":{\"StringEquals\":{\"oidc.eks.us-east-1.amazonaws.com/id/46DC0961D21CD04AA05D4199F3222CBD:aud\":\"sts.amazonaws.com\",\"oidc.eks.us-east-1.amazonaws.com/id/46DC0961D21CD04AA05D4199F3222CBD:sub\":\"system:serviceaccount:kube-system:ebs-csi-controller-sa\"}},\"Effect\":\"Allow\",\"Principal\":{\"Federated\":\"arn:aws:iam::998516096174:oidc-provider/oidc.eks.us-east-1.amazonaws.com/id/46DC0961D21CD04AA05D4199F3222CBD\"}}],\"Version\":\"2012-10-17\"}",
            "create_date": "2023-06-14T10:00:08Z",
            "description": "",
            "force_detach_policies": true,
            "id": "ebs-csi-bitbucket-eks-cluster-test-role",
            "inline_policy": [],
            "managed_policy_arns": [],
            "max_session_duration": 3600,
            "name": "ebs-csi-bitbucket-eks-cluster-test-role",
            "name_prefix": "",
            "path": "/",
            "permissions_boundary": null,
            "tags": null,
            "tags_all": {},
            "unique_id": "AROA6Q7BSPSXCMCLVZ36B"
          },
          "sensitive_attributes": [],
          "private": "bnVsbA==",
          "dependencies": [
            "module.ebs_csi_irsa_role.data.aws_caller_identity.current",
            "module.ebs_csi_irsa_role.data.aws_iam_policy_document.this",
            "module.ebs_csi_irsa_role.data.aws_partition.current",
            "module.eks.aws_cloudwatch_log_group.this",
            "module.eks.aws_eks_cluster.this",
            "module.eks.aws_iam_openid_connect_provider.oidc_provider",
            "module.eks.aws_iam_policy.cni_ipv6_policy",
            "module.eks.aws_iam_role.this",
            "module.eks.aws_iam_role_policy_attachment.this",
            "module.eks.aws_security_group.cluster",
            "module.eks.aws_security_group.node",
            "module.eks.aws_security_group_rule.cluster",
            "module.eks.aws_security_group_rule.node",
            "module.eks.data.aws_iam_policy_document.assume_role_policy",
            "module.eks.data.aws_iam_session_context.current",
            "module.eks.data.aws_partition.current",
            "module.eks.data.tls_certificate.this",
            "module.eks.module.kms.aws_kms_external_key.this",
            "module.eks.module.kms.aws_kms_key.this",
            "module.eks.module.kms.data.aws_caller_identity.current",
            "module.eks.module.kms.data.aws_iam_policy_document.this",
            "module.eks.module.kms.data.aws_partition.current"
          ]
        }
      ]
    },
    {
      "module": "module.ebs_csi_irsa_role",
      "mode": "managed",
      "type": "aws_iam_role_policy_attachment",
      "name": "ebs_csi",
      "provider": "provider[\"registry.terraform.io/hashicorp/aws\"]",
      "instances": [
        {
          "index_key": 0,
          "schema_version": 0,
          "attributes": {
            "id": "ebs-csi-bitbucket-eks-cluster-test-role-20230614100009561900000009",
            "policy_arn": "arn:aws:iam::998516096174:policy/AmazonEKS_EBS_CSI_Policy-20230614082133107600000004",
            "role": "ebs-csi-bitbucket-eks-cluster-test-role"
          },
          "sensitive_attributes": [],
          "private": "bnVsbA==",
          "dependencies": [
            "module.ebs_csi_irsa_role.aws_iam_policy.ebs_csi",
            "module.ebs_csi_irsa_role.aws_iam_role.this",
            "module.ebs_csi_irsa_role.data.aws_caller_identity.current",
            "module.ebs_csi_irsa_role.data.aws_iam_policy_document.this",
            "module.ebs_csi_irsa_role.data.aws_partition.current",
            "module.eks.aws_cloudwatch_log_group.this",
            "module.eks.aws_eks_cluster.this",
            "module.eks.aws_iam_openid_connect_provider.oidc_provider",
            "module.eks.aws_iam_policy.cni_ipv6_policy",
            "module.eks.aws_iam_role.this",
            "module.eks.aws_iam_role_policy_attachment.this",
            "module.eks.aws_security_group.cluster",
            "module.eks.aws_security_group.node",
            "module.eks.aws_security_group_rule.cluster",
            "module.eks.aws_security_group_rule.node",
            "module.eks.data.aws_iam_policy_document.assume_role_policy",
            "module.eks.data.aws_iam_session_context.current",
            "module.eks.data.aws_partition.current",
            "module.eks.data.tls_certificate.this",
            "module.eks.module.kms.aws_kms_external_key.this",
            "module.eks.module.kms.aws_kms_key.this",
            "module.eks.module.kms.data.aws_caller_identity.current",
            "module.eks.module.kms.data.aws_iam_policy_document.this",
            "module.eks.module.kms.data.aws_partition.current"
          ]
        }
      ]
    },
    {
      "module": "module.eks",
      "mode": "data",
      "type": "aws_caller_identity",
      "name": "current",
      "provider": "provider[\"registry.terraform.io/hashicorp/aws\"]",
      "instances": [
        {
          "schema_version": 0,
          "attributes": {
            "account_id": "998516096174",
            "arn": "arn:aws:iam::998516096174:user/svc-terraform",
            "id": "998516096174",
            "user_id": "AIDA6Q7BSPSXNVRO46LMO"
          },
          "sensitive_attributes": []
        }
      ]
    },
    {
      "module": "module.eks",
      "mode": "data",
      "type": "aws_eks_addon_version",
      "name": "this",
      "provider": "provider[\"registry.terraform.io/hashicorp/aws\"]",
      "instances": [
        {
          "index_key": "aws-ebs-csi-driver",
          "schema_version": 0,
          "attributes": {
            "addon_name": "aws-ebs-csi-driver",
            "id": "aws-ebs-csi-driver",
            "kubernetes_version": "1.27",
            "most_recent": false,
            "version": "v1.19.0-eksbuild.2"
          },
          "sensitive_attributes": []
        }
      ]
    },
    {
      "module": "module.eks",
      "mode": "data",
      "type": "aws_iam_policy_document",
      "name": "assume_role_policy",
      "provider": "provider[\"registry.terraform.io/hashicorp/aws\"]",
      "instances": [
        {
          "index_key": 0,
          "schema_version": 0,
          "attributes": {
            "id": "2764486067",
            "json": "{\n  \"Version\": \"2012-10-17\",\n  \"Statement\": [\n    {\n      \"Sid\": \"EKSClusterAssumeRole\",\n      \"Effect\": \"Allow\",\n      \"Action\": \"sts:AssumeRole\",\n      \"Principal\": {\n        \"Service\": \"eks.amazonaws.com\"\n      }\n    }\n  ]\n}",
            "override_policy_documents": null,
            "policy_id": null,
            "source_policy_documents": null,
            "statement": [
              {
                "actions": [
                  "sts:AssumeRole"
                ],
                "condition": [],
                "effect": "Allow",
                "not_actions": [],
                "not_principals": [],
                "not_resources": [],
                "principals": [
                  {
                    "identifiers": [
                      "eks.amazonaws.com"
                    ],
                    "type": "Service"
                  }
                ],
                "resources": [],
                "sid": "EKSClusterAssumeRole"
              }
            ],
            "version": "2012-10-17"
          },
          "sensitive_attributes": []
        }
      ]
    },
    {
      "module": "module.eks",
      "mode": "data",
      "type": "aws_iam_session_context",
      "name": "current",
      "provider": "provider[\"registry.terraform.io/hashicorp/aws\"]",
      "instances": [
        {
          "schema_version": 0,
          "attributes": {
            "arn": "arn:aws:iam::998516096174:user/svc-terraform",
            "id": "arn:aws:iam::998516096174:user/svc-terraform",
            "issuer_arn": "arn:aws:iam::998516096174:user/svc-terraform",
            "issuer_id": "",
            "issuer_name": "",
            "session_name": ""
          },
          "sensitive_attributes": []
        }
      ]
    },
    {
      "module": "module.eks",
      "mode": "data",
      "type": "aws_partition",
      "name": "current",
      "provider": "provider[\"registry.terraform.io/hashicorp/aws\"]",
      "instances": [
        {
          "schema_version": 0,
          "attributes": {
            "dns_suffix": "amazonaws.com",
            "id": "aws",
            "partition": "aws",
            "reverse_dns_prefix": "com.amazonaws"
          },
          "sensitive_attributes": []
        }
      ]
    },
    {
      "module": "module.eks",
      "mode": "data",
      "type": "tls_certificate",
      "name": "this",
      "provider": "provider[\"registry.terraform.io/hashicorp/tls\"]",
      "instances": [
        {
          "index_key": 0,
          "schema_version": 0,
          "attributes": {
            "certificates": [
              {
                "cert_pem": "-----BEGIN CERTIFICATE-----\nMIIEdTCCA12gAwIBAgIJAKcOSkw0grd/MA0GCSqGSIb3DQEBCwUAMGgxCzAJBgNV\nBAYTAlVTMSUwIwYDVQQKExxTdGFyZmllbGQgVGVjaG5vbG9naWVzLCBJbmMuMTIw\nMAYDVQQLEylTdGFyZmllbGQgQ2xhc3MgMiBDZXJ0aWZpY2F0aW9uIEF1dGhvcml0\neTAeFw0wOTA5MDIwMDAwMDBaFw0zNDA2MjgxNzM5MTZaMIGYMQswCQYDVQQGEwJV\nUzEQMA4GA1UECBMHQXJpem9uYTETMBEGA1UEBxMKU2NvdHRzZGFsZTElMCMGA1UE\nChMcU3RhcmZpZWxkIFRlY2hub2xvZ2llcywgSW5jLjE7MDkGA1UEAxMyU3RhcmZp\nZWxkIFNlcnZpY2VzIFJvb3QgQ2VydGlmaWNhdGUgQXV0aG9yaXR5IC0gRzIwggEi\nMA0GCSqGSIb3DQEBAQUAA4IBDwAwggEKAoIBAQDVDDrEKvlO4vW+GZdfjohTsR8/\ny8+fIBNtKTrID30892t2OGPZNmCom15cAICyL1l/9of5JUOG52kbUpqQ4XHj2C0N\nTm/2yEnZtvMaVq4rtnQU68/7JuMauh2WLmo7WJSJR1b/JaCTcFOD2oR0FMNnngRo\nOt+OQFodSk7PQ5E751bWAHDLUu57fa4657wx+UX2wmDPE1kCK4DMNEffud6QZW0C\nzyyRpqbn3oUYSXxmTqM6bam17jQuug0DuDPfR+uxa40l2ZvOgdFFRjKWcIfeAg5J\nQ4W2bHO7ZOphQazJ1FTfhy/HIrImzJ9ZVGif/L4qL8RVHHVAYBeFAlU5i38FAgMB\nAAGjgfAwge0wDwYDVR0TAQH/BAUwAwEB/zAOBgNVHQ8BAf8EBAMCAYYwHQYDVR0O\nBBYEFJxfAN+qAdcwKziIorhtSpzyEZGDMB8GA1UdIwQYMBaAFL9ft9HO3R+G9FtV\nrNzXEMIOqYjnME8GCCsGAQUFBwEBBEMwQTAcBggrBgEFBQcwAYYQaHR0cDovL28u\nc3MyLnVzLzAhBggrBgEFBQcwAoYVaHR0cDovL3guc3MyLnVzL3guY2VyMCYGA1Ud\nHwQfMB0wG6AZoBeGFWh0dHA6Ly9zLnNzMi51cy9yLmNybDARBgNVHSAECjAIMAYG\nBFUdIAAwDQYJKoZIhvcNAQELBQADggEBACMd44pXyn3pF3lM8R5V/cxTbj5HD9/G\nVfKyBDbtgB9TxF00KGu+x1X8Z+rLP3+QsjPNG1gQggL4+C/1E2DUBc7xgQjB3ad1\nl08YuW3e95ORCLp+QCztweq7dp4zBncdDQh/U90bZKuCJ/Fp1U1ervShw3WnWEQt\n8jxwmKy6abaVd38PMV4s/KCHOkdp8Hlf9BRUpJVeEXgSYCfOn8J3/yNTd126/+pZ\n59vPr5KW7ySaNRB6nJHGDn2Z9j8Z3/VyVOEVqQdZe4O/Ui5GjLIAZHYcSNPYeehu\nVsyuLAOQ1xk4meTKCRlb/weWsKh/NEnfVqn3sF/tM+2MR7cwA130A4w=\n-----END CERTIFICATE-----\n",
                "is_ca": true,
                "issuer": "OU=Starfield Class 2 Certification Authority,O=Starfield Technologies\\, Inc.,C=US",
                "not_after": "2034-06-28T17:39:16Z",
                "not_before": "2009-09-02T00:00:00Z",
                "public_key_algorithm": "RSA",
                "serial_number": "12037640545166866303",
                "sha1_fingerprint": "9e99a48a9960b14926bb7f3b02e22da2b0ab7280",
                "signature_algorithm": "SHA256-RSA",
                "subject": "CN=Starfield Services Root Certificate Authority - G2,O=Starfield Technologies\\, Inc.,L=Scottsdale,ST=Arizona,C=US",
                "version": 3
              },
              {
                "cert_pem": "-----BEGIN CERTIFICATE-----\nMIIEkjCCA3qgAwIBAgITBn+USionzfP6wq4rAfkI7rnExjANBgkqhkiG9w0BAQsF\nADCBmDELMAkGA1UEBhMCVVMxEDAOBgNVBAgTB0FyaXpvbmExEzARBgNVBAcTClNj\nb3R0c2RhbGUxJTAjBgNVBAoTHFN0YXJmaWVsZCBUZWNobm9sb2dpZXMsIEluYy4x\nOzA5BgNVBAMTMlN0YXJmaWVsZCBTZXJ2aWNlcyBSb290IENlcnRpZmljYXRlIEF1\ndGhvcml0eSAtIEcyMB4XDTE1MDUyNTEyMDAwMFoXDTM3MTIzMTAxMDAwMFowOTEL\nMAkGA1UEBhMCVVMxDzANBgNVBAoTBkFtYXpvbjEZMBcGA1UEAxMQQW1hem9uIFJv\nb3QgQ0EgMTCCASIwDQYJKoZIhvcNAQEBBQADggEPADCCAQoCggEBALJ4gHHKeNXj\nca9HgFB0fW7Y14h29Jlo91ghYPl0hAEvrAIthtOgQ3pOsqTQNroBvo3bSMgHFzZM\n9O6II8c+6zf1tRn4SWiw3te5djgdYZ6k/oI2peVKVuRF4fn9tBb6dNqcmzU5L/qw\nIFAGbHrQgLKm+a/sRxmPUDgH3KKHOVj4utWp+UhnMJbulHheb4mjUcAwhmahRWa6\nVOujw5H5SNz/0egwLX0tdHA114gk957EWW67c4cX8jJGKLhD+rcdqsq08p8kDi1L\n93FcXmn/6pUCyziKrlA4b9v7LWIbxcceVOF34GfID5yHI9Y/QCB/IIDEgEw+OyQm\njgSubJrIqg0CAwEAAaOCATEwggEtMA8GA1UdEwEB/wQFMAMBAf8wDgYDVR0PAQH/\nBAQDAgGGMB0GA1UdDgQWBBSEGMyFNOy8DJSULghZnMeyEE4KCDAfBgNVHSMEGDAW\ngBScXwDfqgHXMCs4iKK4bUqc8hGRgzB4BggrBgEFBQcBAQRsMGowLgYIKwYBBQUH\nMAGGImh0dHA6Ly9vY3NwLnJvb3RnMi5hbWF6b250cnVzdC5jb20wOAYIKwYBBQUH\nMAKGLGh0dHA6Ly9jcnQucm9vdGcyLmFtYXpvbnRydXN0LmNvbS9yb290ZzIuY2Vy\nMD0GA1UdHwQ2MDQwMqAwoC6GLGh0dHA6Ly9jcmwucm9vdGcyLmFtYXpvbnRydXN0\nLmNvbS9yb290ZzIuY3JsMBEGA1UdIAQKMAgwBgYEVR0gADANBgkqhkiG9w0BAQsF\nAAOCAQEAYjdCXLwQtT6LLOkMm2xF4gcAevnFWAu5CIw+7bMlPLVvUOTNNWqnkzSW\nMiGpSESrnO09tKpzbeR/FoCJbM8oAxiDR3mjEH4wW6w7sGDgd9QIpuEdfF7Au/ma\neyKdpwAJfqxGF4PcnCZXmTA5YpaP7dreqsXMGz7KQ2hsVxa81Q4gLv7/wmpdLqBK\nbRRYh5TmOTFffHPLkIhqhBGWJ6bt2YFGpn6jcgAKUj6DiAdjd4lpFw85hdKrCEVN\n0FE6/V1dN2RMfjCyVSRCnTawXZwXgWHxyvkQAiSr6w10kY17RSlQOYiypok1JR4U\nakcjMS9cmvqtmg5iUaQqqcT5NJ0hGA==\n-----END CERTIFICATE-----\n",
                "is_ca": true,
                "issuer": "CN=Starfield Services Root Certificate Authority - G2,O=Starfield Technologies\\, Inc.,L=Scottsdale,ST=Arizona,C=US",
                "not_after": "2037-12-31T01:00:00Z",
                "not_before": "2015-05-25T12:00:00Z",
                "public_key_algorithm": "RSA",
                "serial_number": "144918191876577076464031512351042010504348870",
                "sha1_fingerprint": "06b25927c42a721631c1efd9431e648fa62e1e39",
                "signature_algorithm": "SHA256-RSA",
                "subject": "CN=Amazon Root CA 1,O=Amazon,C=US",
                "version": 3
              },
              {
                "cert_pem": "-----BEGIN CERTIFICATE-----\nMIIEXjCCA0agAwIBAgITB3MSSkvL1E7HtTvq8ZSELToPoTANBgkqhkiG9w0BAQsF\nADA5MQswCQYDVQQGEwJVUzEPMA0GA1UEChMGQW1hem9uMRkwFwYDVQQDExBBbWF6\nb24gUm9vdCBDQSAxMB4XDTIyMDgyMzIyMjUzMFoXDTMwMDgyMzIyMjUzMFowPDEL\nMAkGA1UEBhMCVVMxDzANBgNVBAoTBkFtYXpvbjEcMBoGA1UEAxMTQW1hem9uIFJT\nQSAyMDQ4IE0wMjCCASIwDQYJKoZIhvcNAQEBBQADggEPADCCAQoCggEBALtDGMZa\nqHneKei1by6+pUPPLljTB143Si6VpEWPc6mSkFhZb/6qrkZyoHlQLbDYnI2D7hD0\nsdzEqfnuAjIsuXQLG3A8TvX6V3oFNBFVe8NlLJHvBseKY88saLwufxkZVwk74g4n\nWlNMXzla9Y5F3wwRHwMVH443xGz6UtGSZSqQ94eFx5X7Tlqt8whi8qCaKdZ5rNak\n+r9nUThOeClqFd4oXych//Rc7Y0eX1KNWHYSI1Nk31mYgiK3JvH063g+K9tHA63Z\neTgKgndlh+WI+zv7i44HepRZjA1FYwYZ9Vv/9UkC5Yz8/yU65fgjaE+wVHM4e/Yy\nC2osrPWE7gJ+dXMCAwEAAaOCAVowggFWMBIGA1UdEwEB/wQIMAYBAf8CAQAwDgYD\nVR0PAQH/BAQDAgGGMB0GA1UdJQQWMBQGCCsGAQUFBwMBBggrBgEFBQcDAjAdBgNV\nHQ4EFgQUwDFSzVpQw4J8dHHOy+mc+XrrguIwHwYDVR0jBBgwFoAUhBjMhTTsvAyU\nlC4IWZzHshBOCggwewYIKwYBBQUHAQEEbzBtMC8GCCsGAQUFBzABhiNodHRwOi8v\nb2NzcC5yb290Y2ExLmFtYXpvbnRydXN0LmNvbTA6BggrBgEFBQcwAoYuaHR0cDov\nL2NydC5yb290Y2ExLmFtYXpvbnRydXN0LmNvbS9yb290Y2ExLmNlcjA/BgNVHR8E\nODA2MDSgMqAwhi5odHRwOi8vY3JsLnJvb3RjYTEuYW1hem9udHJ1c3QuY29tL3Jv\nb3RjYTEuY3JsMBMGA1UdIAQMMAowCAYGZ4EMAQIBMA0GCSqGSIb3DQEBCwUAA4IB\nAQAtTi6Fs0Azfi+iwm7jrz+CSxHH+uHl7Law3MQSXVtR8RV53PtR6r/6gNpqlzdo\nZq4FKbADi1v9Bun8RY8D51uedRfjsbeodizeBB8nXmeyD33Ep7VATj4ozcd31YFV\nfgRhvTSxNrrTlNpWkUk0m3BMPv8sg381HhA6uEYokE5q9uws/3YkKqRiEz3TsaWm\nJqIRZhMbgAfp7O7FUwFIb7UIspogZSKxPIWJpxiPo3TcBambbVtQOcNRWz5qCQdD\nslI2yayq0n2TXoHyNCLEH8rpsJRVILFsg0jc7BaFrMnF462+ajSehgj12IidNeRN\n4zl+EoNaWdpnWndvSpAEkq2P\n-----END CERTIFICATE-----\n",
                "is_ca": true,
                "issuer": "CN=Amazon Root CA 1,O=Amazon,C=US",
                "not_after": "2030-08-23T22:25:30Z",
                "not_before": "2022-08-23T22:25:30Z",
                "public_key_algorithm": "RSA",
                "serial_number": "166129353110899469622597955040406457904926625",
                "sha1_fingerprint": "414a2060b738c635cc7fc243e052615592830c53",
                "signature_algorithm": "SHA256-RSA",
                "subject": "CN=Amazon RSA 2048 M02,O=Amazon,C=US",
                "version": 3
              },
              {
                "cert_pem": "-----BEGIN CERTIFICATE-----\nMIIF7DCCBNSgAwIBAgIQByOkjeOvl//8xMrhlZkruzANBgkqhkiG9w0BAQsFADA8\nMQswCQYDVQQGEwJVUzEPMA0GA1UEChMGQW1hem9uMRwwGgYDVQQDExNBbWF6b24g\nUlNBIDIwNDggTTAyMB4XDTIzMDUxMzAwMDAwMFoXDTI0MDYxMDIzNTk1OVowKzEp\nMCcGA1UEAxMgb2lkYy5la3MudXMtZWFzdC0xLmFtYXpvbmF3cy5jb20wggEiMA0G\nCSqGSIb3DQEBAQUAA4IBDwAwggEKAoIBAQClT+mO1HZk/Gp/3sS6BO8QDhG0yK53\nE11wkdlUn9HEomcqZ2VVhbEG4ahOZY5MLUqIQViMswUueYFov57zyGnPSnH0IrMu\nmL3/dqxEwP96VPm5ZgbjCfartRfJcuYmmMCoWxocMdTq09ECEjawt47i4FmOLJmH\n+UUnisQgHMvPHtCrfL1WYAgdN3ls4meIFkS1CVHLmoCG9MuponJu3+uqw9UHxPZz\nvGLezHUUSzLE0+b+1Wd6DAPJBZmCa+PBweaRfrlqhhgW+QHcCK7XxlfwMxvzwmdv\nicOBHF7SJM/o3opUvrUf/XJCtCDHuv0GQNxyCcpJImQJ4Ae0MtEihY/rAgMBAAGj\nggL5MIIC9TAfBgNVHSMEGDAWgBTAMVLNWlDDgnx0cc7L6Zz5euuC4jAdBgNVHQ4E\nFgQUeamiamg4o8YroTJziJnlxHJnDdEwKwYDVR0RBCQwIoIgb2lkYy5la3MudXMt\nZWFzdC0xLmFtYXpvbmF3cy5jb20wDgYDVR0PAQH/BAQDAgWgMB0GA1UdJQQWMBQG\nCCsGAQUFBwMBBggrBgEFBQcDAjA7BgNVHR8ENDAyMDCgLqAshipodHRwOi8vY3Js\nLnIybTAyLmFtYXpvbnRydXN0LmNvbS9yMm0wMi5jcmwwEwYDVR0gBAwwCjAIBgZn\ngQwBAgEwdQYIKwYBBQUHAQEEaTBnMC0GCCsGAQUFBzABhiFodHRwOi8vb2NzcC5y\nMm0wMi5hbWF6b250cnVzdC5jb20wNgYIKwYBBQUHMAKGKmh0dHA6Ly9jcnQucjJt\nMDIuYW1hem9udHJ1c3QuY29tL3IybTAyLmNlcjAMBgNVHRMBAf8EAjAAMIIBfgYK\nKwYBBAHWeQIEAgSCAW4EggFqAWgAdgDuzdBk1dsazsVct520zROiModGfLzs3sNR\nSFlGcR+1mwAAAYgTgMKgAAAEAwBHMEUCIHtTzRueHJdgA2Wq32YkXNXRJ1ZRD2uC\nQCn025Jin2hCAiEAlV/lCQaMq1JoBRlULDV7n9f/VS8+xyJSVgMFRFwFtzsAdgBI\nsONr2qZHNA/lagL6nTDrHFIBy1bdLIHZu7+rOdiEcwAAAYgTgMLXAAAEAwBHMEUC\nIAKsJE1jj4gpyaa2VgkbHFszMoco2rABil1iy2YvVzmTAiEAsuzpO1atz7WIx1CM\nMU9iMqq58yDpLhjQFktRuWamDlsAdgDatr9rP7W2Ip+bwrtca+hwkXFsu1GEhTS9\npD0wSNf7qwAAAYgTgMKjAAAEAwBHMEUCIHuwITeM92ncsbOvXgXPQjLHDLgReknJ\nTUoo4uIlPetJAiEApQ3W+NHlj6/RhckoAxGn4zE1alq+Y3Bk3JUFAvDrR78wDQYJ\nKoZIhvcNAQELBQADggEBAFNUUzuzuuDQMUvefHzllQPg/zbGNeDRZeOomSl1FrxS\nFJ0CA2vznfoTXAJLS2/aWlQT9mR3h6WlxI5XSUaLrzcZi94F+l6Ixn8DJUhfgf+O\nZUxtmBX91AEQ1ccU+Odj2ILrWdSs28J82ODoPlkJ6OqIYo+kEXrUwy8SM2N9iFJw\nHgZNOwzPQ2Ox/ozlRh6/6OUgYZ84j343BoDnNbTQijLBe6HL4pVw4nPKWrUQnTot\nxMymAcBknnb4X4TcmEoJ0CrB1H6FKfe8yASCLjwSC72Os9ADyADMZqTUSOH1V8Vh\nR3Zv4DlLItu8BHaE59teueLM9AW1PBFMci5JiYrgLEM=\n-----END CERTIFICATE-----\n",
                "is_ca": false,
                "issuer": "CN=Amazon RSA 2048 M02,O=Amazon,C=US",
                "not_after": "2024-06-10T23:59:59Z",
                "not_before": "2023-05-13T00:00:00Z",
                "public_key_algorithm": "RSA",
                "serial_number": "9489663917354420509896793514074254267",
                "sha1_fingerprint": "aaa68bb211d468db8a8a19561ccba2e4043dcc80",
                "signature_algorithm": "SHA256-RSA",
                "subject": "CN=oidc.eks.us-east-1.amazonaws.com",
                "version": 3
              }
            ],
            "content": null,
            "id": "5933588ce34e24e9fb40c3565fb0b5993639df67",
            "url": "https://oidc.eks.us-east-1.amazonaws.com/id/46DC0961D21CD04AA05D4199F3222CBD",
            "verify_chain": true
          },
          "sensitive_attributes": []
        }
      ]
    },
    {
      "module": "module.eks",
      "mode": "managed",
      "type": "aws_cloudwatch_log_group",
      "name": "this",
      "provider": "provider[\"registry.terraform.io/hashicorp/aws\"]",
      "instances": [
        {
          "index_key": 0,
          "schema_version": 0,
          "attributes": {
            "arn": "arn:aws:logs:us-east-1:998516096174:log-group:/aws/eks/bitbucket-eks-cluster-test/cluster",
            "id": "/aws/eks/bitbucket-eks-cluster-test/cluster",
            "kms_key_id": "",
            "name": "/aws/eks/bitbucket-eks-cluster-test/cluster",
            "name_prefix": "",
            "retention_in_days": 90,
            "skip_destroy": false,
            "tags": {
              "Name": "/aws/eks/bitbucket-eks-cluster-test/cluster"
            },
            "tags_all": {
              "Name": "/aws/eks/bitbucket-eks-cluster-test/cluster"
            }
          },
          "sensitive_attributes": [],
          "private": "bnVsbA==",
          "create_before_destroy": true
        }
      ]
    },
    {
      "module": "module.eks",
      "mode": "managed",
      "type": "aws_eks_addon",
      "name": "this",
      "provider": "provider[\"registry.terraform.io/hashicorp/aws\"]",
      "instances": [
        {
          "index_key": "aws-ebs-csi-driver",
          "schema_version": 0,
          "attributes": {
            "addon_name": "aws-ebs-csi-driver",
            "addon_version": "v1.19.0-eksbuild.2",
            "arn": "arn:aws:eks:us-east-1:998516096174:addon/bitbucket-eks-cluster-test/aws-ebs-csi-driver/72c45cad-aba0-1c89-bbec-56b3fbb52acd",
            "cluster_name": "bitbucket-eks-cluster-test",
            "configuration_values": "",
            "created_at": "2023-06-14T10:02:31Z",
            "id": "bitbucket-eks-cluster-test:aws-ebs-csi-driver",
            "modified_at": "2023-06-14T10:03:13Z",
            "preserve": null,
            "resolve_conflicts": "OVERWRITE",
            "resolve_conflicts_on_create": null,
            "resolve_conflicts_on_update": null,
            "service_account_role_arn": "arn:aws:iam::998516096174:role/ebs-csi-bitbucket-eks-cluster-test-role",
            "tags": null,
            "tags_all": {},
            "timeouts": {
              "create": null,
              "delete": null,
              "update": null
            }
          },
          "sensitive_attributes": [],
          "private": "eyJlMmJmYjczMC1lY2FhLTExZTYtOGY4OC0zNDM2M2JjN2M0YzAiOnsiY3JlYXRlIjoxMjAwMDAwMDAwMDAwLCJkZWxldGUiOjI0MDAwMDAwMDAwMDAsInVwZGF0ZSI6MTIwMDAwMDAwMDAwMH19",
          "dependencies": [
            "module.ebs_csi_irsa_role.aws_iam_role.this",
            "module.ebs_csi_irsa_role.data.aws_caller_identity.current",
            "module.ebs_csi_irsa_role.data.aws_iam_policy_document.this",
            "module.ebs_csi_irsa_role.data.aws_partition.current",
            "module.eks.aws_cloudwatch_log_group.this",
            "module.eks.aws_eks_cluster.this",
            "module.eks.aws_iam_openid_connect_provider.oidc_provider",
            "module.eks.aws_iam_policy.cni_ipv6_policy",
            "module.eks.aws_iam_role.this",
            "module.eks.aws_iam_role_policy_attachment.this",
            "module.eks.aws_security_group.cluster",
            "module.eks.aws_security_group.node",
            "module.eks.aws_security_group_rule.cluster",
            "module.eks.aws_security_group_rule.node",
            "module.eks.data.aws_eks_addon_version.this",
            "module.eks.data.aws_iam_policy_document.assume_role_policy",
            "module.eks.data.aws_iam_session_context.current",
            "module.eks.data.aws_partition.current",
            "module.eks.data.tls_certificate.this",
            "module.eks.module.eks_managed_node_group.aws_autoscaling_schedule.this",
            "module.eks.module.eks_managed_node_group.aws_eks_node_group.this",
            "module.eks.module.eks_managed_node_group.aws_iam_role.this",
            "module.eks.module.eks_managed_node_group.aws_iam_role_policy_attachment.additional",
            "module.eks.module.eks_managed_node_group.aws_iam_role_policy_attachment.this",
            "module.eks.module.eks_managed_node_group.aws_launch_template.this",
            "module.eks.module.eks_managed_node_group.data.aws_caller_identity.current",
            "module.eks.module.eks_managed_node_group.data.aws_iam_policy_document.assume_role_policy",
            "module.eks.module.eks_managed_node_group.data.aws_partition.current",
            "module.eks.module.eks_managed_node_group.module.user_data.data.cloudinit_config.linux_eks_managed_node_group",
            "module.eks.module.fargate_profile.aws_eks_fargate_profile.this",
            "module.eks.module.fargate_profile.aws_iam_role.this",
            "module.eks.module.fargate_profile.aws_iam_role_policy_attachment.additional",
            "module.eks.module.fargate_profile.aws_iam_role_policy_attachment.this",
            "module.eks.module.fargate_profile.data.aws_caller_identity.current",
            "module.eks.module.fargate_profile.data.aws_iam_policy_document.assume_role_policy",
            "module.eks.module.fargate_profile.data.aws_partition.current",
            "module.eks.module.kms.aws_kms_external_key.this",
            "module.eks.module.kms.aws_kms_key.this",
            "module.eks.module.kms.data.aws_caller_identity.current",
            "module.eks.module.kms.data.aws_iam_policy_document.this",
            "module.eks.module.kms.data.aws_partition.current",
            "module.eks.module.self_managed_node_group.aws_autoscaling_group.this",
            "module.eks.module.self_managed_node_group.aws_autoscaling_schedule.this",
            "module.eks.module.self_managed_node_group.aws_iam_instance_profile.this",
            "module.eks.module.self_managed_node_group.aws_iam_role.this",
            "module.eks.module.self_managed_node_group.aws_iam_role_policy_attachment.additional",
            "module.eks.module.self_managed_node_group.aws_iam_role_policy_attachment.this",
            "module.eks.module.self_managed_node_group.aws_launch_template.this",
            "module.eks.module.self_managed_node_group.data.aws_ami.eks_default",
            "module.eks.module.self_managed_node_group.data.aws_caller_identity.current",
            "module.eks.module.self_managed_node_group.data.aws_iam_policy_document.assume_role_policy",
            "module.eks.module.self_managed_node_group.data.aws_partition.current",
            "module.eks.module.self_managed_node_group.module.user_data.data.cloudinit_config.linux_eks_managed_node_group",
            "module.eks.time_sleep.this"
          ]
        }
      ]
    },
    {
      "module": "module.eks",
      "mode": "managed",
      "type": "aws_eks_cluster",
      "name": "this",
      "provider": "provider[\"registry.terraform.io/hashicorp/aws\"]",
      "instances": [
        {
          "index_key": 0,
          "schema_version": 0,
          "attributes": {
            "arn": "arn:aws:eks:us-east-1:998516096174:cluster/bitbucket-eks-cluster-test",
            "certificate_authority": [
              {
                "data": "LS0tLS1CRUdJTiBDRVJUSUZJQ0FURS0tLS0tCk1JSUMvakNDQWVhZ0F3SUJBZ0lCQURBTkJna3Foa2lHOXcwQkFRc0ZBREFWTVJNd0VRWURWUVFERXdwcmRXSmwKY201bGRHVnpNQjRYRFRJek1EWXhOREE1TlRVeU5Wb1hEVE16TURZeE1UQTVOVFV5TlZvd0ZURVRNQkVHQTFVRQpBeE1LYTNWaVpYSnVaWFJsY3pDQ0FTSXdEUVlKS29aSWh2Y05BUUVCQlFBRGdnRVBBRENDQVFvQ2dnRUJBTVFVClJhVVZPdzFEOWVhcjJXNUpCcXVjUE1qUTJwU0hEVk9wNFVQbFNiUXFlandTNFdlLzYxWlp3eEQyVTBvTm40UzUKWG95K3BtRVAvOEgzUEhJRVM1c0ZKcTI1UkNrcnp1dHhwWEtrTkhaUHpvS0RsSjFNaDdHRWZSblBhbFhKWURhTQpKSXUvZW5aQnpzeURMcjdIU01ROTdzUjVQL2hMaFF3d1QrM1l2L3U2dk1LaERxQXd1cU1QdWNBeEY5QzNnc2JTCnRhM3ErNVVuWnV2dHl2bmJOUHV4SnVrWWRiK3BXb3VLVWZDdmNmbHlkTnFrdSsrdWNKSUlRc3pONkE5cTdaV2IKUGE3elVJYzVjNE04TXYvQVBJdnJKNzczUEVDbnk2QVAzekdsbHpPUEhUcy9mckVBNFJXUDI1RGJHYUFrZ3lvMwp5Q3lPVTdnTUZXV3UrbHJNQ1g4Q0F3RUFBYU5aTUZjd0RnWURWUjBQQVFIL0JBUURBZ0trTUE4R0ExVWRFd0VCCi93UUZNQU1CQWY4d0hRWURWUjBPQkJZRUZHV2k5L1JGSVJFSXh6c1JuTkZVaHl4VWhxTWtNQlVHQTFVZEVRUU8KTUF5Q0NtdDFZbVZ5Ym1WMFpYTXdEUVlKS29aSWh2Y05BUUVMQlFBRGdnRUJBS1pZcHc5Q0xCNGxOMVp3bEFqSwpzYXZLRTVaZ0hUKy8vd1NmMEZQN2dUNEo0SG9mRGMweFV5dHpBM1R1RmFudnZPVEVvWHlkU2liYzZuNWRYdkJ3CmkyV0ZMek1zRS8ycHpJZVJXTkQwckk3Mlk2WXJqVy9PQWF2K1A0TjlMeXB0RlBDSWdkK1EyOUcrUVJLN1hvc2kKalNWWE1jeU9KUUNJZkovUzZQcGtidVVjNW4weGsrZ1d6STdLWHJRZTBqOStGbENHWlhGZXlEeklXOTdRcjE2ZApnMkdUQTdRdTFBZFQxUkpieHpaSXF1QmZ6VjhGSGF0VlBMREZadkErdjErdk93SzRmQk9VOEYrYXF1K2FFSkhXCnFjQjRsT0gwdkI1NFhiMDRNZlZiMWRJOE1vbjVNTExsdXM1OTI0M1pDZk9yVE4zUitkb3NuVWhtTFJFRW1iQVMKQXY4PQotLS0tLUVORCBDRVJUSUZJQ0FURS0tLS0tCg=="
              }
            ],
            "cluster_id": null,
            "created_at": "2023-06-14 09:48:41.268 +0000 UTC",
            "enabled_cluster_log_types": [
              "api",
              "audit",
              "authenticator"
            ],
            "encryption_config": [
              {
                "provider": [
                  {
                    "key_arn": "arn:aws:kms:us-east-1:998516096174:key/3d4fb313-ab7a-48dd-ae21-bfc8b3f55006"
                  }
                ],
                "resources": [
                  "secrets"
                ]
              }
            ],
            "endpoint": "https://46DC0961D21CD04AA05D4199F3222CBD.gr7.us-east-1.eks.amazonaws.com",
            "id": "bitbucket-eks-cluster-test",
            "identity": [
              {
                "oidc": [
                  {
                    "issuer": "https://oidc.eks.us-east-1.amazonaws.com/id/46DC0961D21CD04AA05D4199F3222CBD"
                  }
                ]
              }
            ],
            "kubernetes_network_config": [
              {
                "ip_family": "ipv4",
                "service_ipv4_cidr": "172.20.0.0/16",
                "service_ipv6_cidr": ""
              }
            ],
            "name": "bitbucket-eks-cluster-test",
            "outpost_config": [],
            "platform_version": "eks.2",
            "role_arn": "arn:aws:iam::998516096174:role/bitbucket-eks-cluster-test-cluster-20230614093948607700000002",
            "status": "ACTIVE",
            "tags": null,
            "tags_all": {},
            "timeouts": {
              "create": null,
              "delete": null,
              "update": null
            },
            "version": "1.27",
            "vpc_config": [
              {
                "cluster_security_group_id": "sg-00d7cdd1d376f77dc",
                "endpoint_private_access": true,
                "endpoint_public_access": true,
                "public_access_cidrs": [
                  "0.0.0.0/0"
                ],
                "security_group_ids": [
                  "sg-0b62b3059aa518e9f"
                ],
                "subnet_ids": [
                  "subnet-024c6fbfc46823b4f",
                  "subnet-07368f3642e5429e2"
                ],
                "vpc_id": "vpc-062b787ae2d5c4740"
              }
            ]
          },
          "sensitive_attributes": [],
          "private": "eyJlMmJmYjczMC1lY2FhLTExZTYtOGY4OC0zNDM2M2JjN2M0YzAiOnsiY3JlYXRlIjoxODAwMDAwMDAwMDAwLCJkZWxldGUiOjkwMDAwMDAwMDAwMCwidXBkYXRlIjozNjAwMDAwMDAwMDAwfX0=",
          "dependencies": [
            "module.eks.aws_cloudwatch_log_group.this",
            "module.eks.aws_iam_policy.cni_ipv6_policy",
            "module.eks.aws_iam_role.this",
            "module.eks.aws_iam_role_policy_attachment.this",
            "module.eks.aws_security_group.cluster",
            "module.eks.aws_security_group.node",
            "module.eks.aws_security_group_rule.cluster",
            "module.eks.aws_security_group_rule.node",
            "module.eks.data.aws_iam_policy_document.assume_role_policy",
            "module.eks.data.aws_iam_session_context.current",
            "module.eks.data.aws_partition.current",
            "module.eks.module.kms.aws_kms_external_key.this",
            "module.eks.module.kms.aws_kms_key.this",
            "module.eks.module.kms.data.aws_caller_identity.current",
            "module.eks.module.kms.data.aws_iam_policy_document.this",
            "module.eks.module.kms.data.aws_partition.current"
          ],
          "create_before_destroy": true
        }
      ]
    },
    {
      "module": "module.eks",
      "mode": "managed",
      "type": "aws_iam_openid_connect_provider",
      "name": "oidc_provider",
      "provider": "provider[\"registry.terraform.io/hashicorp/aws\"]",
      "instances": [
        {
          "index_key": 0,
          "schema_version": 0,
          "attributes": {
            "arn": "arn:aws:iam::998516096174:oidc-provider/oidc.eks.us-east-1.amazonaws.com/id/46DC0961D21CD04AA05D4199F3222CBD",
            "client_id_list": [
              "sts.amazonaws.com"
            ],
            "id": "arn:aws:iam::998516096174:oidc-provider/oidc.eks.us-east-1.amazonaws.com/id/46DC0961D21CD04AA05D4199F3222CBD",
            "tags": {
              "Name": "bitbucket-eks-cluster-test-eks-irsa"
            },
            "tags_all": {
              "Name": "bitbucket-eks-cluster-test-eks-irsa"
            },
            "thumbprint_list": [
              "9e99a48a9960b14926bb7f3b02e22da2b0ab7280",
              "06b25927c42a721631c1efd9431e648fa62e1e39",
              "414a2060b738c635cc7fc243e052615592830c53",
              "aaa68bb211d468db8a8a19561ccba2e4043dcc80"
            ],
            "url": "oidc.eks.us-east-1.amazonaws.com/id/46DC0961D21CD04AA05D4199F3222CBD"
          },
          "sensitive_attributes": [],
          "private": "bnVsbA==",
          "dependencies": [
            "module.eks.aws_cloudwatch_log_group.this",
            "module.eks.aws_eks_cluster.this",
            "module.eks.aws_iam_policy.cni_ipv6_policy",
            "module.eks.aws_iam_role.this",
            "module.eks.aws_iam_role_policy_attachment.this",
            "module.eks.aws_security_group.cluster",
            "module.eks.aws_security_group.node",
            "module.eks.aws_security_group_rule.cluster",
            "module.eks.aws_security_group_rule.node",
            "module.eks.data.aws_iam_policy_document.assume_role_policy",
            "module.eks.data.aws_iam_session_context.current",
            "module.eks.data.aws_partition.current",
            "module.eks.data.tls_certificate.this",
            "module.eks.module.kms.aws_kms_external_key.this",
            "module.eks.module.kms.aws_kms_key.this",
            "module.eks.module.kms.data.aws_caller_identity.current",
            "module.eks.module.kms.data.aws_iam_policy_document.this",
            "module.eks.module.kms.data.aws_partition.current"
          ]
        }
      ]
    },
    {
      "module": "module.eks",
      "mode": "managed",
      "type": "aws_iam_policy",
      "name": "cluster_encryption",
      "provider": "provider[\"registry.terraform.io/hashicorp/aws\"]",
      "instances": [
        {
          "index_key": 0,
          "schema_version": 0,
          "attributes": {
            "arn": "arn:aws:iam::998516096174:policy/bitbucket-eks-cluster-test-cluster-ClusterEncryption20230614094007882500000005",
            "description": "Cluster encryption policy to allow cluster role to utilize CMK provided",
            "id": "arn:aws:iam::998516096174:policy/bitbucket-eks-cluster-test-cluster-ClusterEncryption20230614094007882500000005",
            "name": "bitbucket-eks-cluster-test-cluster-ClusterEncryption20230614094007882500000005",
            "name_prefix": "bitbucket-eks-cluster-test-cluster-ClusterEncryption",
            "path": "/",
            "policy": "{\"Statement\":[{\"Action\":[\"kms:Encrypt\",\"kms:Decrypt\",\"kms:ListGrants\",\"kms:DescribeKey\"],\"Effect\":\"Allow\",\"Resource\":\"arn:aws:kms:us-east-1:998516096174:key/3d4fb313-ab7a-48dd-ae21-bfc8b3f55006\"}],\"Version\":\"2012-10-17\"}",
            "policy_id": "ANPA6Q7BSPSXNYR3EVHUO",
            "tags": null,
            "tags_all": {}
          },
          "sensitive_attributes": [],
          "private": "bnVsbA==",
          "dependencies": [
            "module.eks.aws_iam_role.this",
            "module.eks.data.aws_iam_policy_document.assume_role_policy",
            "module.eks.data.aws_iam_session_context.current",
            "module.eks.module.kms.aws_kms_external_key.this",
            "module.eks.module.kms.aws_kms_key.this",
            "module.eks.module.kms.data.aws_caller_identity.current",
            "module.eks.module.kms.data.aws_iam_policy_document.this",
            "module.eks.module.kms.data.aws_partition.current"
          ]
        }
      ]
    },
    {
      "module": "module.eks",
      "mode": "managed",
      "type": "aws_iam_policy",
      "name": "cni_ipv6_policy",
      "provider": "provider[\"registry.terraform.io/hashicorp/aws\"]",
      "instances": []
    },
    {
      "module": "module.eks",
      "mode": "managed",
      "type": "aws_iam_role",
      "name": "this",
      "provider": "provider[\"registry.terraform.io/hashicorp/aws\"]",
      "instances": [
        {
          "index_key": 0,
          "schema_version": 0,
          "attributes": {
            "arn": "arn:aws:iam::998516096174:role/bitbucket-eks-cluster-test-cluster-20230614093948607700000002",
            "assume_role_policy": "{\"Statement\":[{\"Action\":\"sts:AssumeRole\",\"Effect\":\"Allow\",\"Principal\":{\"Service\":\"eks.amazonaws.com\"},\"Sid\":\"EKSClusterAssumeRole\"}],\"Version\":\"2012-10-17\"}",
            "create_date": "2023-06-14T09:39:49Z",
            "description": "",
            "force_detach_policies": true,
            "id": "bitbucket-eks-cluster-test-cluster-20230614093948607700000002",
            "inline_policy": [
              {
                "name": "bitbucket-eks-cluster-test-cluster",
                "policy": "{\"Version\":\"2012-10-17\",\"Statement\":[{\"Action\":[\"logs:CreateLogGroup\"],\"Effect\":\"Deny\",\"Resource\":\"*\"}]}"
              }
            ],
            "managed_policy_arns": [],
            "max_session_duration": 3600,
            "name": "bitbucket-eks-cluster-test-cluster-20230614093948607700000002",
            "name_prefix": "bitbucket-eks-cluster-test-cluster-",
            "path": "/",
            "permissions_boundary": null,
            "tags": null,
            "tags_all": {},
            "unique_id": "AROA6Q7BSPSXINSZULXFV"
          },
          "sensitive_attributes": [],
          "private": "bnVsbA==",
          "dependencies": [
            "module.eks.data.aws_iam_policy_document.assume_role_policy"
          ],
          "create_before_destroy": true
        }
      ]
    },
    {
      "module": "module.eks",
      "mode": "managed",
      "type": "aws_iam_role_policy_attachment",
      "name": "cluster_encryption",
      "provider": "provider[\"registry.terraform.io/hashicorp/aws\"]",
      "instances": [
        {
          "index_key": 0,
          "schema_version": 0,
          "attributes": {
            "id": "bitbucket-eks-cluster-test-cluster-20230614093948607700000002-20230614094009380400000006",
            "policy_arn": "arn:aws:iam::998516096174:policy/bitbucket-eks-cluster-test-cluster-ClusterEncryption20230614094007882500000005",
            "role": "bitbucket-eks-cluster-test-cluster-20230614093948607700000002"
          },
          "sensitive_attributes": [],
          "private": "bnVsbA==",
          "dependencies": [
            "module.eks.aws_iam_policy.cluster_encryption",
            "module.eks.aws_iam_role.this",
            "module.eks.data.aws_iam_policy_document.assume_role_policy",
            "module.eks.data.aws_iam_session_context.current",
            "module.eks.module.kms.aws_kms_external_key.this",
            "module.eks.module.kms.aws_kms_key.this",
            "module.eks.module.kms.data.aws_caller_identity.current",
            "module.eks.module.kms.data.aws_iam_policy_document.this",
            "module.eks.module.kms.data.aws_partition.current"
          ]
        }
      ]
    },
    {
      "module": "module.eks",
      "mode": "managed",
      "type": "aws_iam_role_policy_attachment",
      "name": "this",
      "provider": "provider[\"registry.terraform.io/hashicorp/aws\"]",
      "instances": [
        {
          "index_key": "AmazonEKSClusterPolicy",
          "schema_version": 0,
          "attributes": {
            "id": "bitbucket-eks-cluster-test-cluster-20230614093948607700000002-20230614093951719100000003",
            "policy_arn": "arn:aws:iam::aws:policy/AmazonEKSClusterPolicy",
            "role": "bitbucket-eks-cluster-test-cluster-20230614093948607700000002"
          },
          "sensitive_attributes": [],
          "private": "bnVsbA==",
          "dependencies": [
            "module.eks.aws_iam_role.this",
            "module.eks.data.aws_iam_policy_document.assume_role_policy",
            "module.eks.data.aws_partition.current"
          ],
          "create_before_destroy": true
        },
        {
          "index_key": "AmazonEKSVPCResourceController",
          "schema_version": 0,
          "attributes": {
            "id": "bitbucket-eks-cluster-test-cluster-20230614093948607700000002-20230614093951724200000004",
            "policy_arn": "arn:aws:iam::aws:policy/AmazonEKSVPCResourceController",
            "role": "bitbucket-eks-cluster-test-cluster-20230614093948607700000002"
          },
          "sensitive_attributes": [],
          "private": "bnVsbA==",
          "dependencies": [
            "module.eks.aws_iam_role.this",
            "module.eks.data.aws_iam_policy_document.assume_role_policy",
            "module.eks.data.aws_partition.current"
          ],
          "create_before_destroy": true
        }
      ]
    },
    {
      "module": "module.eks",
      "mode": "managed",
      "type": "aws_security_group",
      "name": "cluster",
      "provider": "provider[\"registry.terraform.io/hashicorp/aws\"]",
      "instances": [
        {
          "index_key": 0,
          "schema_version": 1,
          "attributes": {
            "arn": "arn:aws:ec2:us-east-1:998516096174:security-group/sg-0b62b3059aa518e9f",
            "description": "EKS cluster security group",
            "egress": [],
            "id": "sg-0b62b3059aa518e9f",
            "ingress": [],
            "name": "bitbucket-eks-cluster-test-cluster-20230614093948606400000001",
            "name_prefix": "bitbucket-eks-cluster-test-cluster-",
            "owner_id": "998516096174",
            "revoke_rules_on_delete": false,
            "tags": {
              "Name": "bitbucket-eks-cluster-test-cluster"
            },
            "tags_all": {
              "Name": "bitbucket-eks-cluster-test-cluster"
            },
            "timeouts": null,
            "vpc_id": "vpc-062b787ae2d5c4740"
          },
          "sensitive_attributes": [],
          "private": "eyJlMmJmYjczMC1lY2FhLTExZTYtOGY4OC0zNDM2M2JjN2M0YzAiOnsiY3JlYXRlIjo2MDAwMDAwMDAwMDAsImRlbGV0ZSI6OTAwMDAwMDAwMDAwfSwic2NoZW1hX3ZlcnNpb24iOiIxIn0=",
          "create_before_destroy": true
        }
      ]
    },
    {
      "module": "module.eks",
      "mode": "managed",
      "type": "aws_security_group",
      "name": "node",
      "provider": "provider[\"registry.terraform.io/hashicorp/aws\"]",
      "instances": [
        {
          "index_key": 0,
          "schema_version": 1,
          "attributes": {
            "arn": "arn:aws:ec2:us-east-1:998516096174:security-group/sg-0dd2111a7b24ea6c3",
            "description": "EKS node shared security group",
            "egress": [],
            "id": "sg-0dd2111a7b24ea6c3",
            "ingress": [],
            "name": "bitbucket-eks-cluster-test-node-20230614094820480700000007",
            "name_prefix": "bitbucket-eks-cluster-test-node-",
            "owner_id": "998516096174",
            "revoke_rules_on_delete": false,
            "tags": {
              "Name": "bitbucket-eks-cluster-test-node",
              "kubernetes.io/cluster/bitbucket-eks-cluster-test": "owned"
            },
            "tags_all": {
              "Name": "bitbucket-eks-cluster-test-node",
              "kubernetes.io/cluster/bitbucket-eks-cluster-test": "owned"
            },
            "timeouts": null,
            "vpc_id": "vpc-062b787ae2d5c4740"
          },
          "sensitive_attributes": [],
          "private": "eyJlMmJmYjczMC1lY2FhLTExZTYtOGY4OC0zNDM2M2JjN2M0YzAiOnsiY3JlYXRlIjo2MDAwMDAwMDAwMDAsImRlbGV0ZSI6OTAwMDAwMDAwMDAwfSwic2NoZW1hX3ZlcnNpb24iOiIxIn0=",
          "create_before_destroy": true
        },
        {
          "index_key": 0,
          "deposed": "41b0080c",
          "schema_version": 1,
          "attributes": {
            "arn": "arn:aws:ec2:us-east-1:998516096174:security-group/sg-00835c5791da85ff2",
            "description": "EKS node shared security group",
            "egress": [
              {
                "cidr_blocks": [
                  "0.0.0.0/0"
                ],
                "description": "Allow all egress",
                "from_port": 0,
                "ipv6_cidr_blocks": [],
                "prefix_list_ids": [],
                "protocol": "-1",
                "security_groups": [],
                "self": false,
                "to_port": 0
              }
            ],
            "id": "sg-00835c5791da85ff2",
            "ingress": [
              {
                "cidr_blocks": [],
                "description": "Cluster API to node 4443/tcp webhook",
                "from_port": 4443,
                "ipv6_cidr_blocks": [],
                "prefix_list_ids": [],
                "protocol": "tcp",
                "security_groups": [
                  "sg-0d2276f8642f64535"
                ],
                "self": false,
                "to_port": 4443
              },
              {
                "cidr_blocks": [],
                "description": "Cluster API to node 6443/tcp webhook",
                "from_port": 6443,
                "ipv6_cidr_blocks": [],
                "prefix_list_ids": [],
                "protocol": "tcp",
                "security_groups": [
                  "sg-0d2276f8642f64535"
                ],
                "self": false,
                "to_port": 6443
              },
              {
                "cidr_blocks": [],
                "description": "Cluster API to node 8443/tcp webhook",
                "from_port": 8443,
                "ipv6_cidr_blocks": [],
                "prefix_list_ids": [],
                "protocol": "tcp",
                "security_groups": [
                  "sg-0d2276f8642f64535"
                ],
                "self": false,
                "to_port": 8443
              },
              {
                "cidr_blocks": [],
                "description": "Cluster API to node 9443/tcp webhook",
                "from_port": 9443,
                "ipv6_cidr_blocks": [],
                "prefix_list_ids": [],
                "protocol": "tcp",
                "security_groups": [
                  "sg-0d2276f8642f64535"
                ],
                "self": false,
                "to_port": 9443
              },
              {
                "cidr_blocks": [],
                "description": "Cluster API to node groups",
                "from_port": 443,
                "ipv6_cidr_blocks": [],
                "prefix_list_ids": [],
                "protocol": "tcp",
                "security_groups": [
                  "sg-0d2276f8642f64535"
                ],
                "self": false,
                "to_port": 443
              },
              {
                "cidr_blocks": [],
                "description": "Cluster API to node kubelets",
                "from_port": 10250,
                "ipv6_cidr_blocks": [],
                "prefix_list_ids": [],
                "protocol": "tcp",
                "security_groups": [
                  "sg-0d2276f8642f64535"
                ],
                "self": false,
                "to_port": 10250
              },
              {
                "cidr_blocks": [],
                "description": "Node to node CoreDNS UDP",
                "from_port": 53,
                "ipv6_cidr_blocks": [],
                "prefix_list_ids": [],
                "protocol": "udp",
                "security_groups": [],
                "self": true,
                "to_port": 53
              },
              {
                "cidr_blocks": [],
                "description": "Node to node CoreDNS",
                "from_port": 53,
                "ipv6_cidr_blocks": [],
                "prefix_list_ids": [],
                "protocol": "tcp",
                "security_groups": [],
                "self": true,
                "to_port": 53
              },
              {
                "cidr_blocks": [],
                "description": "Node to node ingress on ephemeral ports",
                "from_port": 1025,
                "ipv6_cidr_blocks": [],
                "prefix_list_ids": [],
                "protocol": "tcp",
                "security_groups": [],
                "self": true,
                "to_port": 65535
              }
            ],
            "name": "bitbucket-eks-cluster-node-20230614082133107100000002",
            "name_prefix": "bitbucket-eks-cluster-node-",
            "owner_id": "998516096174",
            "revoke_rules_on_delete": false,
            "tags": {
              "Name": "bitbucket-eks-cluster-node",
              "kubernetes.io/cluster/bitbucket-eks-cluster": "owned"
            },
            "tags_all": {
              "Name": "bitbucket-eks-cluster-node",
              "kubernetes.io/cluster/bitbucket-eks-cluster": "owned"
            },
            "timeouts": null,
            "vpc_id": "vpc-0e67c8c66c39af7da"
          },
          "sensitive_attributes": [],
          "private": "eyJlMmJmYjczMC1lY2FhLTExZTYtOGY4OC0zNDM2M2JjN2M0YzAiOnsiY3JlYXRlIjo2MDAwMDAwMDAwMDAsImRlbGV0ZSI6OTAwMDAwMDAwMDAwfSwic2NoZW1hX3ZlcnNpb24iOiIxIn0=",
          "create_before_destroy": true
        }
      ]
    },
    {
      "module": "module.eks",
      "mode": "managed",
      "type": "aws_security_group_rule",
      "name": "cluster",
      "provider": "provider[\"registry.terraform.io/hashicorp/aws\"]",
      "instances": [
        {
          "index_key": "ingress_nodes_443",
          "schema_version": 2,
          "attributes": {
            "cidr_blocks": null,
            "description": "Node groups to cluster API",
            "from_port": 443,
            "id": "sgrule-4090065507",
            "ipv6_cidr_blocks": null,
            "prefix_list_ids": null,
            "protocol": "tcp",
            "security_group_id": "sg-0b62b3059aa518e9f",
            "security_group_rule_id": "sgr-0ad30c0a18f5f56cb",
            "self": false,
            "source_security_group_id": "sg-0dd2111a7b24ea6c3",
            "timeouts": null,
            "to_port": 443,
            "type": "ingress"
          },
          "sensitive_attributes": [],
          "private": "eyJlMmJmYjczMC1lY2FhLTExZTYtOGY4OC0zNDM2M2JjN2M0YzAiOnsiY3JlYXRlIjozMDAwMDAwMDAwMDB9LCJzY2hlbWFfdmVyc2lvbiI6IjIifQ==",
          "dependencies": [
            "module.eks.aws_security_group.cluster",
            "module.eks.aws_security_group.node"
          ],
          "create_before_destroy": true
        }
      ]
    },
    {
      "module": "module.eks",
      "mode": "managed",
      "type": "aws_security_group_rule",
      "name": "node",
      "provider": "provider[\"registry.terraform.io/hashicorp/aws\"]",
      "instances": [
        {
          "index_key": "egress_all",
          "schema_version": 2,
          "attributes": {
            "cidr_blocks": [
              "0.0.0.0/0"
            ],
            "description": "Allow all egress",
            "from_port": 0,
            "id": "sgrule-1847502130",
            "ipv6_cidr_blocks": null,
            "prefix_list_ids": [],
            "protocol": "-1",
            "security_group_id": "sg-0dd2111a7b24ea6c3",
            "security_group_rule_id": "sgr-09bfd28aa69e99a9b",
            "self": false,
            "source_security_group_id": null,
            "timeouts": null,
            "to_port": 0,
            "type": "egress"
          },
          "sensitive_attributes": [],
          "private": "eyJlMmJmYjczMC1lY2FhLTExZTYtOGY4OC0zNDM2M2JjN2M0YzAiOnsiY3JlYXRlIjozMDAwMDAwMDAwMDB9LCJzY2hlbWFfdmVyc2lvbiI6IjIifQ==",
          "dependencies": [
            "module.eks.aws_security_group.cluster",
            "module.eks.aws_security_group.node"
          ],
          "create_before_destroy": true
        },
        {
          "index_key": "ingress_cluster_443",
          "schema_version": 2,
          "attributes": {
            "cidr_blocks": null,
            "description": "Cluster API to node groups",
            "from_port": 443,
            "id": "sgrule-2609850186",
            "ipv6_cidr_blocks": null,
            "prefix_list_ids": [],
            "protocol": "tcp",
            "security_group_id": "sg-0dd2111a7b24ea6c3",
            "security_group_rule_id": "sgr-00e0addac60a2a709",
            "self": false,
            "source_security_group_id": "sg-0b62b3059aa518e9f",
            "timeouts": null,
            "to_port": 443,
            "type": "ingress"
          },
          "sensitive_attributes": [],
          "private": "eyJlMmJmYjczMC1lY2FhLTExZTYtOGY4OC0zNDM2M2JjN2M0YzAiOnsiY3JlYXRlIjozMDAwMDAwMDAwMDB9LCJzY2hlbWFfdmVyc2lvbiI6IjIifQ==",
          "dependencies": [
            "module.eks.aws_security_group.cluster",
            "module.eks.aws_security_group.node"
          ],
          "create_before_destroy": true
        },
        {
          "index_key": "ingress_cluster_4443_webhook",
          "schema_version": 2,
          "attributes": {
            "cidr_blocks": null,
            "description": "Cluster API to node 4443/tcp webhook",
            "from_port": 4443,
            "id": "sgrule-3901949920",
            "ipv6_cidr_blocks": null,
            "prefix_list_ids": [],
            "protocol": "tcp",
            "security_group_id": "sg-0dd2111a7b24ea6c3",
            "security_group_rule_id": "sgr-0b5a40a2410b7d978",
            "self": false,
            "source_security_group_id": "sg-0b62b3059aa518e9f",
            "timeouts": null,
            "to_port": 4443,
            "type": "ingress"
          },
          "sensitive_attributes": [],
          "private": "eyJlMmJmYjczMC1lY2FhLTExZTYtOGY4OC0zNDM2M2JjN2M0YzAiOnsiY3JlYXRlIjozMDAwMDAwMDAwMDB9LCJzY2hlbWFfdmVyc2lvbiI6IjIifQ==",
          "dependencies": [
            "module.eks.aws_security_group.cluster",
            "module.eks.aws_security_group.node"
          ],
          "create_before_destroy": true
        },
        {
          "index_key": "ingress_cluster_6443_webhook",
          "schema_version": 2,
          "attributes": {
            "cidr_blocks": null,
            "description": "Cluster API to node 6443/tcp webhook",
            "from_port": 6443,
            "id": "sgrule-567369846",
            "ipv6_cidr_blocks": null,
            "prefix_list_ids": [],
            "protocol": "tcp",
            "security_group_id": "sg-0dd2111a7b24ea6c3",
            "security_group_rule_id": "sgr-059fcab7c7cdbc53c",
            "self": false,
            "source_security_group_id": "sg-0b62b3059aa518e9f",
            "timeouts": null,
            "to_port": 6443,
            "type": "ingress"
          },
          "sensitive_attributes": [],
          "private": "eyJlMmJmYjczMC1lY2FhLTExZTYtOGY4OC0zNDM2M2JjN2M0YzAiOnsiY3JlYXRlIjozMDAwMDAwMDAwMDB9LCJzY2hlbWFfdmVyc2lvbiI6IjIifQ==",
          "dependencies": [
            "module.eks.aws_security_group.cluster",
            "module.eks.aws_security_group.node"
          ],
          "create_before_destroy": true
        },
        {
          "index_key": "ingress_cluster_8443_webhook",
          "schema_version": 2,
          "attributes": {
            "cidr_blocks": null,
            "description": "Cluster API to node 8443/tcp webhook",
            "from_port": 8443,
            "id": "sgrule-848125015",
            "ipv6_cidr_blocks": null,
            "prefix_list_ids": [],
            "protocol": "tcp",
            "security_group_id": "sg-0dd2111a7b24ea6c3",
            "security_group_rule_id": "sgr-01bba537a08712f24",
            "self": false,
            "source_security_group_id": "sg-0b62b3059aa518e9f",
            "timeouts": null,
            "to_port": 8443,
            "type": "ingress"
          },
          "sensitive_attributes": [],
          "private": "eyJlMmJmYjczMC1lY2FhLTExZTYtOGY4OC0zNDM2M2JjN2M0YzAiOnsiY3JlYXRlIjozMDAwMDAwMDAwMDB9LCJzY2hlbWFfdmVyc2lvbiI6IjIifQ==",
          "dependencies": [
            "module.eks.aws_security_group.cluster",
            "module.eks.aws_security_group.node"
          ],
          "create_before_destroy": true
        },
        {
          "index_key": "ingress_cluster_9443_webhook",
          "schema_version": 2,
          "attributes": {
            "cidr_blocks": null,
            "description": "Cluster API to node 9443/tcp webhook",
            "from_port": 9443,
            "id": "sgrule-1445752732",
            "ipv6_cidr_blocks": null,
            "prefix_list_ids": [],
            "protocol": "tcp",
            "security_group_id": "sg-0dd2111a7b24ea6c3",
            "security_group_rule_id": "sgr-0077701f46052cf8c",
            "self": false,
            "source_security_group_id": "sg-0b62b3059aa518e9f",
            "timeouts": null,
            "to_port": 9443,
            "type": "ingress"
          },
          "sensitive_attributes": [],
          "private": "eyJlMmJmYjczMC1lY2FhLTExZTYtOGY4OC0zNDM2M2JjN2M0YzAiOnsiY3JlYXRlIjozMDAwMDAwMDAwMDB9LCJzY2hlbWFfdmVyc2lvbiI6IjIifQ==",
          "dependencies": [
            "module.eks.aws_security_group.cluster",
            "module.eks.aws_security_group.node"
          ],
          "create_before_destroy": true
        },
        {
          "index_key": "ingress_cluster_kubelet",
          "schema_version": 2,
          "attributes": {
            "cidr_blocks": null,
            "description": "Cluster API to node kubelets",
            "from_port": 10250,
            "id": "sgrule-1014224857",
            "ipv6_cidr_blocks": null,
            "prefix_list_ids": [],
            "protocol": "tcp",
            "security_group_id": "sg-0dd2111a7b24ea6c3",
            "security_group_rule_id": "sgr-041d6ec233faf4203",
            "self": false,
            "source_security_group_id": "sg-0b62b3059aa518e9f",
            "timeouts": null,
            "to_port": 10250,
            "type": "ingress"
          },
          "sensitive_attributes": [],
          "private": "eyJlMmJmYjczMC1lY2FhLTExZTYtOGY4OC0zNDM2M2JjN2M0YzAiOnsiY3JlYXRlIjozMDAwMDAwMDAwMDB9LCJzY2hlbWFfdmVyc2lvbiI6IjIifQ==",
          "dependencies": [
            "module.eks.aws_security_group.cluster",
            "module.eks.aws_security_group.node"
          ],
          "create_before_destroy": true
        },
        {
          "index_key": "ingress_nodes_ephemeral",
          "schema_version": 2,
          "attributes": {
            "cidr_blocks": null,
            "description": "Node to node ingress on ephemeral ports",
            "from_port": 1025,
            "id": "sgrule-3179643038",
            "ipv6_cidr_blocks": null,
            "prefix_list_ids": [],
            "protocol": "tcp",
            "security_group_id": "sg-0dd2111a7b24ea6c3",
            "security_group_rule_id": "sgr-018a39691057620b7",
            "self": true,
            "source_security_group_id": null,
            "timeouts": null,
            "to_port": 65535,
            "type": "ingress"
          },
          "sensitive_attributes": [],
          "private": "eyJlMmJmYjczMC1lY2FhLTExZTYtOGY4OC0zNDM2M2JjN2M0YzAiOnsiY3JlYXRlIjozMDAwMDAwMDAwMDB9LCJzY2hlbWFfdmVyc2lvbiI6IjIifQ==",
          "dependencies": [
            "module.eks.aws_security_group.cluster",
            "module.eks.aws_security_group.node"
          ],
          "create_before_destroy": true
        },
        {
          "index_key": "ingress_self_coredns_tcp",
          "schema_version": 2,
          "attributes": {
            "cidr_blocks": null,
            "description": "Node to node CoreDNS",
            "from_port": 53,
            "id": "sgrule-4059594256",
            "ipv6_cidr_blocks": null,
            "prefix_list_ids": [],
            "protocol": "tcp",
            "security_group_id": "sg-0dd2111a7b24ea6c3",
            "security_group_rule_id": "sgr-084b25d3c2a5a303b",
            "self": true,
            "source_security_group_id": null,
            "timeouts": null,
            "to_port": 53,
            "type": "ingress"
          },
          "sensitive_attributes": [],
          "private": "eyJlMmJmYjczMC1lY2FhLTExZTYtOGY4OC0zNDM2M2JjN2M0YzAiOnsiY3JlYXRlIjozMDAwMDAwMDAwMDB9LCJzY2hlbWFfdmVyc2lvbiI6IjIifQ==",
          "dependencies": [
            "module.eks.aws_security_group.cluster",
            "module.eks.aws_security_group.node"
          ],
          "create_before_destroy": true
        },
        {
          "index_key": "ingress_self_coredns_udp",
          "schema_version": 2,
          "attributes": {
            "cidr_blocks": null,
            "description": "Node to node CoreDNS UDP",
            "from_port": 53,
            "id": "sgrule-1437064703",
            "ipv6_cidr_blocks": null,
            "prefix_list_ids": [],
            "protocol": "udp",
            "security_group_id": "sg-0dd2111a7b24ea6c3",
            "security_group_rule_id": "sgr-08ecfc71aea26a724",
            "self": true,
            "source_security_group_id": null,
            "timeouts": null,
            "to_port": 53,
            "type": "ingress"
          },
          "sensitive_attributes": [],
          "private": "eyJlMmJmYjczMC1lY2FhLTExZTYtOGY4OC0zNDM2M2JjN2M0YzAiOnsiY3JlYXRlIjozMDAwMDAwMDAwMDB9LCJzY2hlbWFfdmVyc2lvbiI6IjIifQ==",
          "dependencies": [
            "module.eks.aws_security_group.cluster",
            "module.eks.aws_security_group.node"
          ],
          "create_before_destroy": true
        }
      ]
    },
    {
      "module": "module.eks",
      "mode": "managed",
      "type": "time_sleep",
      "name": "this",
      "provider": "provider[\"registry.terraform.io/hashicorp/time\"]",
      "instances": [
        {
          "index_key": 0,
          "schema_version": 0,
          "attributes": {
            "create_duration": "30s",
            "destroy_duration": null,
            "id": "2023-06-14T10:00:34Z",
            "triggers": {
              "cluster_certificate_authority_data": "LS0tLS1CRUdJTiBDRVJUSUZJQ0FURS0tLS0tCk1JSUMvakNDQWVhZ0F3SUJBZ0lCQURBTkJna3Foa2lHOXcwQkFRc0ZBREFWTVJNd0VRWURWUVFERXdwcmRXSmwKY201bGRHVnpNQjRYRFRJek1EWXhOREE1TlRVeU5Wb1hEVE16TURZeE1UQTVOVFV5TlZvd0ZURVRNQkVHQTFVRQpBeE1LYTNWaVpYSnVaWFJsY3pDQ0FTSXdEUVlKS29aSWh2Y05BUUVCQlFBRGdnRVBBRENDQVFvQ2dnRUJBTVFVClJhVVZPdzFEOWVhcjJXNUpCcXVjUE1qUTJwU0hEVk9wNFVQbFNiUXFlandTNFdlLzYxWlp3eEQyVTBvTm40UzUKWG95K3BtRVAvOEgzUEhJRVM1c0ZKcTI1UkNrcnp1dHhwWEtrTkhaUHpvS0RsSjFNaDdHRWZSblBhbFhKWURhTQpKSXUvZW5aQnpzeURMcjdIU01ROTdzUjVQL2hMaFF3d1QrM1l2L3U2dk1LaERxQXd1cU1QdWNBeEY5QzNnc2JTCnRhM3ErNVVuWnV2dHl2bmJOUHV4SnVrWWRiK3BXb3VLVWZDdmNmbHlkTnFrdSsrdWNKSUlRc3pONkE5cTdaV2IKUGE3elVJYzVjNE04TXYvQVBJdnJKNzczUEVDbnk2QVAzekdsbHpPUEhUcy9mckVBNFJXUDI1RGJHYUFrZ3lvMwp5Q3lPVTdnTUZXV3UrbHJNQ1g4Q0F3RUFBYU5aTUZjd0RnWURWUjBQQVFIL0JBUURBZ0trTUE4R0ExVWRFd0VCCi93UUZNQU1CQWY4d0hRWURWUjBPQkJZRUZHV2k5L1JGSVJFSXh6c1JuTkZVaHl4VWhxTWtNQlVHQTFVZEVRUU8KTUF5Q0NtdDFZbVZ5Ym1WMFpYTXdEUVlKS29aSWh2Y05BUUVMQlFBRGdnRUJBS1pZcHc5Q0xCNGxOMVp3bEFqSwpzYXZLRTVaZ0hUKy8vd1NmMEZQN2dUNEo0SG9mRGMweFV5dHpBM1R1RmFudnZPVEVvWHlkU2liYzZuNWRYdkJ3CmkyV0ZMek1zRS8ycHpJZVJXTkQwckk3Mlk2WXJqVy9PQWF2K1A0TjlMeXB0RlBDSWdkK1EyOUcrUVJLN1hvc2kKalNWWE1jeU9KUUNJZkovUzZQcGtidVVjNW4weGsrZ1d6STdLWHJRZTBqOStGbENHWlhGZXlEeklXOTdRcjE2ZApnMkdUQTdRdTFBZFQxUkpieHpaSXF1QmZ6VjhGSGF0VlBMREZadkErdjErdk93SzRmQk9VOEYrYXF1K2FFSkhXCnFjQjRsT0gwdkI1NFhiMDRNZlZiMWRJOE1vbjVNTExsdXM1OTI0M1pDZk9yVE4zUitkb3NuVWhtTFJFRW1iQVMKQXY4PQotLS0tLUVORCBDRVJUSUZJQ0FURS0tLS0tCg==",
              "cluster_endpoint": "https://46DC0961D21CD04AA05D4199F3222CBD.gr7.us-east-1.eks.amazonaws.com",
              "cluster_name": "bitbucket-eks-cluster-test",
              "cluster_version": "1.27"
            }
          },
          "sensitive_attributes": [],
          "dependencies": [
            "module.eks.aws_cloudwatch_log_group.this",
            "module.eks.aws_eks_cluster.this",
            "module.eks.aws_iam_policy.cni_ipv6_policy",
            "module.eks.aws_iam_role.this",
            "module.eks.aws_iam_role_policy_attachment.this",
            "module.eks.aws_security_group.cluster",
            "module.eks.aws_security_group.node",
            "module.eks.aws_security_group_rule.cluster",
            "module.eks.aws_security_group_rule.node",
            "module.eks.data.aws_iam_policy_document.assume_role_policy",
            "module.eks.data.aws_iam_session_context.current",
            "module.eks.data.aws_partition.current",
            "module.eks.module.kms.aws_kms_external_key.this",
            "module.eks.module.kms.aws_kms_key.this",
            "module.eks.module.kms.data.aws_caller_identity.current",
            "module.eks.module.kms.data.aws_iam_policy_document.this",
            "module.eks.module.kms.data.aws_partition.current"
          ],
          "create_before_destroy": true
        }
      ]
    },
    {
      "module": "module.eks.module.eks_managed_node_group[\"one\"]",
      "mode": "data",
      "type": "aws_caller_identity",
      "name": "current",
      "provider": "provider[\"registry.terraform.io/hashicorp/aws\"]",
      "instances": [
        {
          "schema_version": 0,
          "attributes": {
            "account_id": "998516096174",
            "arn": "arn:aws:iam::998516096174:user/svc-terraform",
            "id": "998516096174",
            "user_id": "AIDA6Q7BSPSXNVRO46LMO"
          },
          "sensitive_attributes": []
        }
      ]
    },
    {
      "module": "module.eks.module.eks_managed_node_group[\"one\"]",
      "mode": "data",
      "type": "aws_iam_policy_document",
      "name": "assume_role_policy",
      "provider": "provider[\"registry.terraform.io/hashicorp/aws\"]",
      "instances": [
        {
          "index_key": 0,
          "schema_version": 0,
          "attributes": {
            "id": "2560088296",
            "json": "{\n  \"Version\": \"2012-10-17\",\n  \"Statement\": [\n    {\n      \"Sid\": \"EKSNodeAssumeRole\",\n      \"Effect\": \"Allow\",\n      \"Action\": \"sts:AssumeRole\",\n      \"Principal\": {\n        \"Service\": \"ec2.amazonaws.com\"\n      }\n    }\n  ]\n}",
            "override_policy_documents": null,
            "policy_id": null,
            "source_policy_documents": null,
            "statement": [
              {
                "actions": [
                  "sts:AssumeRole"
                ],
                "condition": [],
                "effect": "Allow",
                "not_actions": [],
                "not_principals": [],
                "not_resources": [],
                "principals": [
                  {
                    "identifiers": [
                      "ec2.amazonaws.com"
                    ],
                    "type": "Service"
                  }
                ],
                "resources": [],
                "sid": "EKSNodeAssumeRole"
              }
            ],
            "version": "2012-10-17"
          },
          "sensitive_attributes": []
        }
      ]
    },
    {
      "module": "module.eks.module.eks_managed_node_group[\"one\"]",
      "mode": "data",
      "type": "aws_partition",
      "name": "current",
      "provider": "provider[\"registry.terraform.io/hashicorp/aws\"]",
      "instances": [
        {
          "schema_version": 0,
          "attributes": {
            "dns_suffix": "amazonaws.com",
            "id": "aws",
            "partition": "aws",
            "reverse_dns_prefix": "com.amazonaws"
          },
          "sensitive_attributes": []
        }
      ]
    },
    {
      "module": "module.eks.module.eks_managed_node_group[\"one\"]",
      "mode": "managed",
      "type": "aws_autoscaling_schedule",
      "name": "this",
      "provider": "provider[\"registry.terraform.io/hashicorp/aws\"]",
      "instances": []
    },
    {
      "module": "module.eks.module.eks_managed_node_group[\"one\"]",
      "mode": "managed",
      "type": "aws_eks_node_group",
      "name": "this",
      "provider": "provider[\"registry.terraform.io/hashicorp/aws\"]",
      "instances": [
        {
          "index_key": 0,
          "schema_version": 0,
          "attributes": {
            "ami_type": "AL2_x86_64",
            "arn": "arn:aws:eks:us-east-1:998516096174:nodegroup/bitbucket-eks-cluster-test/node-group-1-2023061410003756350000000b/08c45cac-cf4b-4237-ddb6-2ec4c0be5001",
            "capacity_type": "ON_DEMAND",
            "cluster_name": "bitbucket-eks-cluster-test",
            "disk_size": 0,
            "force_update_version": null,
            "id": "bitbucket-eks-cluster-test:node-group-1-2023061410003756350000000b",
            "instance_types": [
              "t3.xlarge"
            ],
            "labels": null,
            "launch_template": [
              {
                "id": "lt-094cd1a20080f5d07",
                "name": "one-20230614083331518200000011",
                "version": "2"
              }
            ],
            "node_group_name": "node-group-1-2023061410003756350000000b",
            "node_group_name_prefix": "node-group-1-",
            "node_role_arn": "arn:aws:iam::998516096174:role/node-group-1-eks-node-group-20230614082133107200000003",
            "release_version": "1.27.1-20230607",
            "remote_access": [],
            "resources": [
              {
                "autoscaling_groups": [
                  {
                    "name": "eks-node-group-1-2023061410003756350000000b-08c45cac-cf4b-4237-ddb6-2ec4c0be5001"
                  }
                ],
                "remote_access_security_group_id": ""
              }
            ],
            "scaling_config": [
              {
                "desired_size": 3,
                "max_size": 12,
                "min_size": 3
              }
            ],
            "status": "ACTIVE",
            "subnet_ids": [
              "subnet-024c6fbfc46823b4f",
              "subnet-07368f3642e5429e2"
            ],
            "tags": {
              "Name": "node-group-1"
            },
            "tags_all": {
              "Name": "node-group-1"
            },
            "taint": [],
            "timeouts": {
              "create": null,
              "delete": null,
              "update": null
            },
            "update_config": [
              {
                "max_unavailable": 0,
                "max_unavailable_percentage": 33
              }
            ],
            "version": "1.27"
          },
          "sensitive_attributes": [],
          "private": "eyJlMmJmYjczMC1lY2FhLTExZTYtOGY4OC0zNDM2M2JjN2M0YzAiOnsiY3JlYXRlIjozNjAwMDAwMDAwMDAwLCJkZWxldGUiOjM2MDAwMDAwMDAwMDAsInVwZGF0ZSI6MzYwMDAwMDAwMDAwMH19",
          "dependencies": [
            "module.eks.aws_cloudwatch_log_group.this",
            "module.eks.aws_eks_cluster.this",
            "module.eks.aws_iam_policy.cni_ipv6_policy",
            "module.eks.aws_iam_role.this",
            "module.eks.aws_iam_role_policy_attachment.this",
            "module.eks.aws_security_group.cluster",
            "module.eks.aws_security_group.node",
            "module.eks.aws_security_group_rule.cluster",
            "module.eks.aws_security_group_rule.node",
            "module.eks.data.aws_iam_policy_document.assume_role_policy",
            "module.eks.data.aws_iam_session_context.current",
            "module.eks.data.aws_partition.current",
            "module.eks.module.eks_managed_node_group.aws_iam_role.this",
            "module.eks.module.eks_managed_node_group.aws_iam_role_policy_attachment.this",
            "module.eks.module.eks_managed_node_group.aws_launch_template.this",
            "module.eks.module.eks_managed_node_group.data.aws_caller_identity.current",
            "module.eks.module.eks_managed_node_group.data.aws_partition.current",
            "module.eks.module.eks_managed_node_group.module.user_data.data.cloudinit_config.linux_eks_managed_node_group",
            "module.eks.module.kms.aws_kms_external_key.this",
            "module.eks.module.kms.aws_kms_key.this",
            "module.eks.module.kms.data.aws_caller_identity.current",
            "module.eks.module.kms.data.aws_iam_policy_document.this",
            "module.eks.module.kms.data.aws_partition.current",
            "module.eks.time_sleep.this"
          ],
          "create_before_destroy": true
        }
      ]
    },
    {
      "module": "module.eks.module.eks_managed_node_group[\"one\"]",
      "mode": "managed",
      "type": "aws_iam_role",
      "name": "this",
      "provider": "provider[\"registry.terraform.io/hashicorp/aws\"]",
      "instances": [
        {
          "index_key": 0,
          "schema_version": 0,
          "attributes": {
            "arn": "arn:aws:iam::998516096174:role/node-group-1-eks-node-group-20230614082133107200000003",
            "assume_role_policy": "{\"Statement\":[{\"Action\":\"sts:AssumeRole\",\"Effect\":\"Allow\",\"Principal\":{\"Service\":\"ec2.amazonaws.com\"},\"Sid\":\"EKSNodeAssumeRole\"}],\"Version\":\"2012-10-17\"}",
            "create_date": "2023-06-14T08:21:34Z",
            "description": "EKS managed node group IAM role",
            "force_detach_policies": true,
            "id": "node-group-1-eks-node-group-20230614082133107200000003",
            "inline_policy": [],
            "managed_policy_arns": [
              "arn:aws:iam::aws:policy/AmazonEC2ContainerRegistryReadOnly",
              "arn:aws:iam::aws:policy/AmazonEKSWorkerNodePolicy",
              "arn:aws:iam::aws:policy/AmazonEKS_CNI_Policy",
              "arn:aws:iam::aws:policy/service-role/AmazonEBSCSIDriverPolicy"
            ],
            "max_session_duration": 3600,
            "name": "node-group-1-eks-node-group-20230614082133107200000003",
            "name_prefix": "node-group-1-eks-node-group-",
            "path": "/",
            "permissions_boundary": null,
            "tags": {},
            "tags_all": {},
            "unique_id": "AROA6Q7BSPSXFAOHDWMRH"
          },
          "sensitive_attributes": [],
          "private": "bnVsbA==",
          "dependencies": [
            "module.eks.module.eks_managed_node_group.data.aws_iam_policy_document.assume_role_policy",
            "module.eks.module.eks_managed_node_group.data.aws_partition.current"
          ],
          "create_before_destroy": true
        }
      ]
    },
    {
      "module": "module.eks.module.eks_managed_node_group[\"one\"]",
      "mode": "managed",
      "type": "aws_iam_role_policy_attachment",
      "name": "additional",
      "provider": "provider[\"registry.terraform.io/hashicorp/aws\"]",
      "instances": [
        {
          "index_key": "ebs_csi_driver_policy",
          "schema_version": 0,
          "attributes": {
            "id": "node-group-1-eks-node-group-20230614082133107200000003-20230614082135837200000006",
            "policy_arn": "arn:aws:iam::aws:policy/service-role/AmazonEBSCSIDriverPolicy",
            "role": "node-group-1-eks-node-group-20230614082133107200000003"
          },
          "sensitive_attributes": [],
          "private": "bnVsbA==",
          "dependencies": [
            "module.eks.module.eks_managed_node_group.aws_iam_role.this",
            "module.eks.module.eks_managed_node_group.data.aws_iam_policy_document.assume_role_policy",
            "module.eks.module.eks_managed_node_group.data.aws_partition.current"
          ]
        }
      ]
    },
    {
      "module": "module.eks.module.eks_managed_node_group[\"one\"]",
      "mode": "managed",
      "type": "aws_iam_role_policy_attachment",
      "name": "this",
      "provider": "provider[\"registry.terraform.io/hashicorp/aws\"]",
      "instances": [
        {
          "index_key": "arn:aws:iam::aws:policy/AmazonEC2ContainerRegistryReadOnly",
          "schema_version": 0,
          "attributes": {
            "id": "node-group-1-eks-node-group-20230614082133107200000003-20230614082136100200000008",
            "policy_arn": "arn:aws:iam::aws:policy/AmazonEC2ContainerRegistryReadOnly",
            "role": "node-group-1-eks-node-group-20230614082133107200000003"
          },
          "sensitive_attributes": [],
          "private": "bnVsbA==",
          "dependencies": [
            "module.eks.module.eks_managed_node_group.aws_iam_role.this",
            "module.eks.module.eks_managed_node_group.data.aws_caller_identity.current",
            "module.eks.module.eks_managed_node_group.data.aws_iam_policy_document.assume_role_policy",
            "module.eks.module.eks_managed_node_group.data.aws_partition.current"
          ],
          "create_before_destroy": true
        },
        {
          "index_key": "arn:aws:iam::aws:policy/AmazonEKSWorkerNodePolicy",
          "schema_version": 0,
          "attributes": {
            "id": "node-group-1-eks-node-group-20230614082133107200000003-20230614082135867000000007",
            "policy_arn": "arn:aws:iam::aws:policy/AmazonEKSWorkerNodePolicy",
            "role": "node-group-1-eks-node-group-20230614082133107200000003"
          },
          "sensitive_attributes": [],
          "private": "bnVsbA==",
          "dependencies": [
            "module.eks.module.eks_managed_node_group.aws_iam_role.this",
            "module.eks.module.eks_managed_node_group.data.aws_caller_identity.current",
            "module.eks.module.eks_managed_node_group.data.aws_iam_policy_document.assume_role_policy",
            "module.eks.module.eks_managed_node_group.data.aws_partition.current"
          ],
          "create_before_destroy": true
        },
        {
          "index_key": "arn:aws:iam::aws:policy/AmazonEKS_CNI_Policy",
          "schema_version": 0,
          "attributes": {
            "id": "node-group-1-eks-node-group-20230614082133107200000003-20230614082136175000000009",
            "policy_arn": "arn:aws:iam::aws:policy/AmazonEKS_CNI_Policy",
            "role": "node-group-1-eks-node-group-20230614082133107200000003"
          },
          "sensitive_attributes": [],
          "private": "bnVsbA==",
          "dependencies": [
            "module.eks.module.eks_managed_node_group.aws_iam_role.this",
            "module.eks.module.eks_managed_node_group.data.aws_caller_identity.current",
            "module.eks.module.eks_managed_node_group.data.aws_iam_policy_document.assume_role_policy",
            "module.eks.module.eks_managed_node_group.data.aws_partition.current"
          ],
          "create_before_destroy": true
        }
      ]
    },
    {
      "module": "module.eks.module.eks_managed_node_group[\"one\"]",
      "mode": "managed",
      "type": "aws_launch_template",
      "name": "this",
      "provider": "provider[\"registry.terraform.io/hashicorp/aws\"]",
      "instances": [
        {
          "index_key": 0,
          "schema_version": 0,
          "attributes": {
            "arn": "arn:aws:ec2:us-east-1:998516096174:launch-template/lt-094cd1a20080f5d07",
            "block_device_mappings": [],
            "capacity_reservation_specification": [],
            "cpu_options": [],
            "credit_specification": [],
            "default_version": 2,
            "description": "Custom launch template for node-group-1 EKS managed node group",
            "disable_api_stop": false,
            "disable_api_termination": false,
            "ebs_optimized": "",
            "elastic_gpu_specifications": [],
            "elastic_inference_accelerator": [],
            "enclave_options": [],
            "hibernation_options": [],
            "iam_instance_profile": [],
            "id": "lt-094cd1a20080f5d07",
            "image_id": "",
            "instance_initiated_shutdown_behavior": "",
            "instance_market_options": [],
            "instance_requirements": [],
            "instance_type": "",
            "kernel_id": "",
            "key_name": "",
            "latest_version": 2,
            "license_specification": [],
            "maintenance_options": [],
            "metadata_options": [
              {
                "http_endpoint": "enabled",
                "http_protocol_ipv6": "",
                "http_put_response_hop_limit": 2,
                "http_tokens": "required",
                "instance_metadata_tags": ""
              }
            ],
            "monitoring": [
              {
                "enabled": true
              }
            ],
            "name": "one-20230614083331518200000011",
            "name_prefix": "one-",
            "network_interfaces": [],
            "placement": [],
            "private_dns_name_options": [],
            "ram_disk_id": "",
            "security_group_names": [],
            "tag_specifications": [
              {
                "resource_type": "instance",
                "tags": {
                  "Name": "node-group-1"
                }
              },
              {
                "resource_type": "network-interface",
                "tags": {
                  "Name": "node-group-1"
                }
              },
              {
                "resource_type": "volume",
                "tags": {
                  "Name": "node-group-1"
                }
              }
            ],
            "tags": {},
            "tags_all": {},
            "update_default_version": true,
            "user_data": "",
            "vpc_security_group_ids": [
              "sg-0dd2111a7b24ea6c3"
            ]
          },
          "sensitive_attributes": [],
          "private": "bnVsbA==",
          "dependencies": [
            "module.eks.aws_cloudwatch_log_group.this",
            "module.eks.aws_eks_cluster.this",
            "module.eks.aws_iam_policy.cni_ipv6_policy",
            "module.eks.aws_iam_role.this",
            "module.eks.aws_iam_role_policy_attachment.this",
            "module.eks.aws_security_group.cluster",
            "module.eks.aws_security_group.node",
            "module.eks.aws_security_group_rule.cluster",
            "module.eks.aws_security_group_rule.node",
            "module.eks.data.aws_iam_policy_document.assume_role_policy",
            "module.eks.data.aws_iam_session_context.current",
            "module.eks.data.aws_partition.current",
            "module.eks.module.eks_managed_node_group.aws_iam_role_policy_attachment.this",
            "module.eks.module.eks_managed_node_group.data.aws_caller_identity.current",
            "module.eks.module.eks_managed_node_group.data.aws_partition.current",
            "module.eks.module.eks_managed_node_group.module.user_data.data.cloudinit_config.linux_eks_managed_node_group",
            "module.eks.module.kms.aws_kms_external_key.this",
            "module.eks.module.kms.aws_kms_key.this",
            "module.eks.module.kms.data.aws_caller_identity.current",
            "module.eks.module.kms.data.aws_iam_policy_document.this",
            "module.eks.module.kms.data.aws_partition.current",
            "module.eks.time_sleep.this"
          ],
          "create_before_destroy": true
        }
      ]
    },
    {
      "module": "module.eks.module.eks_managed_node_group[\"one\"].module.user_data",
      "mode": "data",
      "type": "cloudinit_config",
      "name": "linux_eks_managed_node_group",
      "provider": "provider[\"registry.terraform.io/hashicorp/cloudinit\"]",
      "instances": []
    },
    {
      "module": "module.eks.module.kms",
      "mode": "data",
      "type": "aws_caller_identity",
      "name": "current",
      "provider": "provider[\"registry.terraform.io/hashicorp/aws\"]",
      "instances": [
        {
          "schema_version": 0,
          "attributes": {
            "account_id": "998516096174",
            "arn": "arn:aws:iam::998516096174:user/svc-terraform",
            "id": "998516096174",
            "user_id": "AIDA6Q7BSPSXNVRO46LMO"
          },
          "sensitive_attributes": []
        }
      ]
    },
    {
      "module": "module.eks.module.kms",
      "mode": "data",
      "type": "aws_iam_policy_document",
      "name": "this",
      "provider": "provider[\"registry.terraform.io/hashicorp/aws\"]",
      "instances": [
        {
          "index_key": 0,
          "schema_version": 0,
          "attributes": {
            "id": "3225170501",
            "json": "{\n  \"Version\": \"2012-10-17\",\n  \"Statement\": [\n    {\n      \"Sid\": \"KeyAdministration\",\n      \"Effect\": \"Allow\",\n      \"Action\": [\n        \"kms:Update*\",\n        \"kms:UntagResource\",\n        \"kms:TagResource\",\n        \"kms:ScheduleKeyDeletion\",\n        \"kms:Revoke*\",\n        \"kms:Put*\",\n        \"kms:List*\",\n        \"kms:Get*\",\n        \"kms:Enable*\",\n        \"kms:Disable*\",\n        \"kms:Describe*\",\n        \"kms:Delete*\",\n        \"kms:Create*\",\n        \"kms:CancelKeyDeletion\"\n      ],\n      \"Resource\": \"*\",\n      \"Principal\": {\n        \"AWS\": \"arn:aws:iam::998516096174:user/svc-terraform\"\n      }\n    },\n    {\n      \"Sid\": \"KeyUsage\",\n      \"Effect\": \"Allow\",\n      \"Action\": [\n        \"kms:ReEncrypt*\",\n        \"kms:GenerateDataKey*\",\n        \"kms:Encrypt\",\n        \"kms:DescribeKey\",\n        \"kms:Decrypt\"\n      ],\n      \"Resource\": \"*\",\n      \"Principal\": {\n        \"AWS\": \"arn:aws:iam::998516096174:role/bitbucket-eks-cluster-test-cluster-20230614093948607700000002\"\n      }\n    }\n  ]\n}",
            "override_policy_documents": null,
            "policy_id": null,
            "source_policy_documents": null,
            "statement": [
              {
                "actions": [
                  "kms:CancelKeyDeletion",
                  "kms:Create*",
                  "kms:Delete*",
                  "kms:Describe*",
                  "kms:Disable*",
                  "kms:Enable*",
                  "kms:Get*",
                  "kms:List*",
                  "kms:Put*",
                  "kms:Revoke*",
                  "kms:ScheduleKeyDeletion",
                  "kms:TagResource",
                  "kms:UntagResource",
                  "kms:Update*"
                ],
                "condition": [],
                "effect": "Allow",
                "not_actions": [],
                "not_principals": [],
                "not_resources": [],
                "principals": [
                  {
                    "identifiers": [
                      "arn:aws:iam::998516096174:user/svc-terraform"
                    ],
                    "type": "AWS"
                  }
                ],
                "resources": [
                  "*"
                ],
                "sid": "KeyAdministration"
              },
              {
                "actions": [
                  "kms:Decrypt",
                  "kms:DescribeKey",
                  "kms:Encrypt",
                  "kms:GenerateDataKey*",
                  "kms:ReEncrypt*"
                ],
                "condition": [],
                "effect": "Allow",
                "not_actions": [],
                "not_principals": [],
                "not_resources": [],
                "principals": [
                  {
                    "identifiers": [
                      "arn:aws:iam::998516096174:role/bitbucket-eks-cluster-test-cluster-20230614093948607700000002"
                    ],
                    "type": "AWS"
                  }
                ],
                "resources": [
                  "*"
                ],
                "sid": "KeyUsage"
              }
            ],
            "version": "2012-10-17"
          },
          "sensitive_attributes": []
        }
      ]
    },
    {
      "module": "module.eks.module.kms",
      "mode": "data",
      "type": "aws_partition",
      "name": "current",
      "provider": "provider[\"registry.terraform.io/hashicorp/aws\"]",
      "instances": [
        {
          "schema_version": 0,
          "attributes": {
            "dns_suffix": "amazonaws.com",
            "id": "aws",
            "partition": "aws",
            "reverse_dns_prefix": "com.amazonaws"
          },
          "sensitive_attributes": []
        }
      ]
    },
    {
      "module": "module.eks.module.kms",
      "mode": "managed",
      "type": "aws_kms_alias",
      "name": "this",
      "provider": "provider[\"registry.terraform.io/hashicorp/aws\"]",
      "instances": [
        {
          "index_key": "cluster",
          "schema_version": 0,
          "attributes": {
            "arn": "arn:aws:kms:us-east-1:998516096174:alias/eks/bitbucket-eks-cluster-test",
            "id": "alias/eks/bitbucket-eks-cluster-test",
            "name": "alias/eks/bitbucket-eks-cluster-test",
            "name_prefix": "",
            "target_key_arn": "arn:aws:kms:us-east-1:998516096174:key/3d4fb313-ab7a-48dd-ae21-bfc8b3f55006",
            "target_key_id": "3d4fb313-ab7a-48dd-ae21-bfc8b3f55006"
          },
          "sensitive_attributes": [],
          "private": "bnVsbA==",
          "dependencies": [
            "module.eks.aws_iam_role.this",
            "module.eks.data.aws_iam_policy_document.assume_role_policy",
            "module.eks.data.aws_iam_session_context.current",
            "module.eks.module.kms.aws_kms_external_key.this",
            "module.eks.module.kms.aws_kms_key.this",
            "module.eks.module.kms.data.aws_caller_identity.current",
            "module.eks.module.kms.data.aws_iam_policy_document.this",
            "module.eks.module.kms.data.aws_partition.current"
          ]
        }
      ]
    },
    {
      "module": "module.eks.module.kms",
      "mode": "managed",
      "type": "aws_kms_external_key",
      "name": "this",
      "provider": "provider[\"registry.terraform.io/hashicorp/aws\"]",
      "instances": []
    },
    {
      "module": "module.eks.module.kms",
      "mode": "managed",
      "type": "aws_kms_key",
      "name": "this",
      "provider": "provider[\"registry.terraform.io/hashicorp/aws\"]",
      "instances": [
        {
          "index_key": 0,
          "schema_version": 0,
          "attributes": {
            "arn": "arn:aws:kms:us-east-1:998516096174:key/3d4fb313-ab7a-48dd-ae21-bfc8b3f55006",
            "bypass_policy_lockout_safety_check": false,
            "custom_key_store_id": "",
            "customer_master_key_spec": "SYMMETRIC_DEFAULT",
            "deletion_window_in_days": null,
            "description": "bitbucket-eks-cluster-test cluster encryption key",
            "enable_key_rotation": true,
            "id": "3d4fb313-ab7a-48dd-ae21-bfc8b3f55006",
            "is_enabled": true,
            "key_id": "3d4fb313-ab7a-48dd-ae21-bfc8b3f55006",
            "key_usage": "ENCRYPT_DECRYPT",
            "multi_region": false,
            "policy": "{\"Statement\":[{\"Action\":[\"kms:Update*\",\"kms:UntagResource\",\"kms:TagResource\",\"kms:ScheduleKeyDeletion\",\"kms:Revoke*\",\"kms:Put*\",\"kms:List*\",\"kms:Get*\",\"kms:Enable*\",\"kms:Disable*\",\"kms:Describe*\",\"kms:Delete*\",\"kms:Create*\",\"kms:CancelKeyDeletion\"],\"Effect\":\"Allow\",\"Principal\":{\"AWS\":\"arn:aws:iam::998516096174:user/svc-terraform\"},\"Resource\":\"*\",\"Sid\":\"KeyAdministration\"},{\"Action\":[\"kms:ReEncrypt*\",\"kms:GenerateDataKey*\",\"kms:Encrypt\",\"kms:DescribeKey\",\"kms:Decrypt\"],\"Effect\":\"Allow\",\"Principal\":{\"AWS\":\"arn:aws:iam::998516096174:role/bitbucket-eks-cluster-test-cluster-20230614093948607700000002\"},\"Resource\":\"*\",\"Sid\":\"KeyUsage\"}],\"Version\":\"2012-10-17\"}",
            "tags": {},
            "tags_all": {}
          },
          "sensitive_attributes": [],
          "private": "bnVsbA==",
          "dependencies": [
            "module.eks.aws_iam_role.this",
            "module.eks.data.aws_iam_policy_document.assume_role_policy",
            "module.eks.data.aws_iam_session_context.current",
            "module.eks.module.kms.data.aws_caller_identity.current",
            "module.eks.module.kms.data.aws_iam_policy_document.this",
            "module.eks.module.kms.data.aws_partition.current"
          ],
          "create_before_destroy": true
        }
      ]
    }
  ],
  "check_results": [
    {
      "object_kind": "resource",
      "config_addr": "aws_instance.nfs-server",
      "status": "pass",
      "objects": [
        {
          "object_addr": "aws_instance.nfs-server",
          "status": "pass"
        }
      ]
    }
  ]
}
